<?xml version="1.0" encoding="utf-8"?>
<Project ToolsVersion="4.0" xmlns="http://schemas.microsoft.com/developer/msbuild/2003">
  <ItemGroup>
    <Filter Include="Source Files">
      <UniqueIdentifier>{4FC737F1-C7A5-4376-A066-2A32D752A2FF}</UniqueIdentifier>
      <Extensions>cpp;c;cc;cxx;c++;def;odl;idl;hpj;bat;asm;asmx</Extensions>
    </Filter>
    <Filter Include="Header Files">
      <UniqueIdentifier>{93995380-89BD-4b04-88EB-625FBE52EBFB}</UniqueIdentifier>
      <Extensions>h;hh;hpp;hxx;h++;hm;inl;inc;ipp;xsd</Extensions>
    </Filter>
    <Filter Include="Resource Files">
      <UniqueIdentifier>{67DA6AB6-F800-4c08-8B7A-83BB121AAD01}</UniqueIdentifier>
      <Extensions>rc;ico;cur;bmp;dlg;rc2;rct;bin;rgs;gif;jpg;jpeg;jpe;resx;tiff;tif;png;wav;mfcribbon-ms</Extensions>
    </Filter>
  </ItemGroup>
  <ItemGroup>
    <ClCompile Include="src\dllmain.cpp">
      <Filter>Source Files</Filter>
    </ClCompile>
    <ClCompile Include="src\stdafx.cpp">
      <Filter>Source Files</Filter>
    </ClCompile>
    <ClCompile Include="src\global\ui_vars.cpp">
      <Filter>Source Files</Filter>
    </ClCompile>
    <ClCompile Include="src\menu\init.cpp">
      <Filter>Source Files</Filter>
    </ClCompile>
    <ClCompile Include="src\global\auth_vars.cpp">
      <Filter>Source Files</Filter>
    </ClCompile>
    <ClCompile Include="src\rage\engine.cpp">
      <Filter>Source Files</Filter>
    </ClCompile>
    <ClCompile Include="src\global\variables.cpp">
      <Filter>Source Files</Filter>
    </ClCompile>
    <ClCompile Include="src\rage\entity\entity.cpp">
      <Filter>Source Files</Filter>
    </ClCompile>
    <ClCompile Include="src\menu\hooks\stat_get_int.cpp">
      <Filter>Source Files</Filter>
    </ClCompile>
    <ClCompile Include="src\menu\base\renderer.cpp">
      <Filter>Source Files</Filter>
    </ClCompile>
    <ClCompile Include="src\menu\base\base.cpp">
      <Filter>Source Files</Filter>
    </ClCompile>
    <ClCompile Include="src\menu\base\submenu_handler.cpp">
      <Filter>Source Files</Filter>
    </ClCompile>
    <ClCompile Include="src\menu\base\submenu.cpp">
      <Filter>Source Files</Filter>
    </ClCompile>
    <ClCompile Include="src\menu\base\options\option.cpp">
      <Filter>Source Files</Filter>
    </ClCompile>
    <ClCompile Include="src\menu\base\options\button_option.cpp">
      <Filter>Source Files</Filter>
    </ClCompile>
    <ClCompile Include="src\menu\base\util\input.cpp">
      <Filter>Source Files</Filter>
    </ClCompile>
    <ClCompile Include="src\menu\base\submenus\main.cpp">
      <Filter>Source Files</Filter>
    </ClCompile>
    <ClCompile Include="src\menu\base\util\stacked_text_renderer.cpp">
      <Filter>Source Files</Filter>
    </ClCompile>
    <ClCompile Include="src\menu\base\options\break_option.cpp">
      <Filter>Source Files</Filter>
    </ClCompile>
    <ClCompile Include="src\menu\base\options\number_option.cpp">
      <Filter>Source Files</Filter>
    </ClCompile>
    <ClCompile Include="src\menu\base\options\submenu_option.cpp">
      <Filter>Source Files</Filter>
    </ClCompile>
    <ClCompile Include="src\menu\base\options\toggle_option.cpp">
      <Filter>Source Files</Filter>
    </ClCompile>
    <ClCompile Include="src\menu\base\submenus\main\player.cpp">
      <Filter>Source Files</Filter>
    </ClCompile>
    <ClCompile Include="src\menu\base\submenus\main\player\appearance.cpp">
      <Filter>Source Files</Filter>
    </ClCompile>
    <ClCompile Include="src\menu\base\submenus\main\player\model.cpp">
      <Filter>Source Files</Filter>
    </ClCompile>
    <ClCompile Include="src\menu\base\util\player_manager.cpp">
      <Filter>Source Files</Filter>
    </ClCompile>
    <ClCompile Include="src\global\arrays.cpp">
      <Filter>Source Files</Filter>
    </ClCompile>
    <ClCompile Include="src\menu\base\util\control_manager.cpp">
      <Filter>Source Files</Filter>
    </ClCompile>
    <ClCompile Include="src\menu\base\util\camera.cpp">
      <Filter>Source Files</Filter>
    </ClCompile>
    <ClCompile Include="src\menu\base\submenus\main\player\wardrobe.cpp">
      <Filter>Source Files</Filter>
    </ClCompile>
    <ClCompile Include="src\menu\base\submenus\main\player\wardrobe_save_load.cpp">
      <Filter>Source Files</Filter>
    </ClCompile>
    <ClCompile Include="src\menu\base\submenus\main\player\movement.cpp">
      <Filter>Source Files</Filter>
    </ClCompile>
    <ClCompile Include="src\menu\base\submenus\main\player\animation.cpp">
      <Filter>Source Files</Filter>
    </ClCompile>
    <ClCompile Include="src\menu\base\submenus\main\player\anim\scenarios.cpp">
      <Filter>Source Files</Filter>
    </ClCompile>
    <ClCompile Include="src\menu\base\submenus\main\player\anim\clipsets.cpp">
      <Filter>Source Files</Filter>
    </ClCompile>
    <ClCompile Include="src\menu\base\submenus\main\player\anim\animations.cpp">
      <Filter>Source Files</Filter>
    </ClCompile>
    <ClCompile Include="src\menu\base\submenus\main\player\particle_fx.cpp">
      <Filter>Source Files</Filter>
    </ClCompile>
    <ClCompile Include="src\menu\base\submenus\main\player\ptfx\hand_trails.cpp">
      <Filter>Source Files</Filter>
    </ClCompile>
    <ClCompile Include="src\menu\base\submenus\main\player\ptfx\particle_manager.cpp">
      <Filter>Source Files</Filter>
    </ClCompile>
    <ClCompile Include="src\menu\base\options\radio_option.cpp">
      <Filter>Source Files</Filter>
    </ClCompile>
    <ClCompile Include="src\menu\base\submenus\main\weapon.cpp">
      <Filter>Source Files</Filter>
    </ClCompile>
    <ClCompile Include="src\menu\base\util\timers.cpp">
      <Filter>Source Files</Filter>
    </ClCompile>
    <ClCompile Include="src\menu\base\submenus\main\weapon\weapon_mods.cpp">
      <Filter>Source Files</Filter>
    </ClCompile>
    <ClCompile Include="src\menu\base\submenus\main\weapon\aimbot.cpp">
      <Filter>Source Files</Filter>
    </ClCompile>
    <ClCompile Include="src\menu\base\util\pools\pool_manager.cpp">
      <Filter>Source Files</Filter>
    </ClCompile>
    <ClCompile Include="src\menu\base\util\pools\ped_pool.cpp">
      <Filter>Source Files</Filter>
    </ClCompile>
    <ClCompile Include="src\menu\base\util\pools\object_pool.cpp">
      <Filter>Source Files</Filter>
    </ClCompile>
    <ClCompile Include="src\menu\base\util\pools\vehicle_pool.cpp">
      <Filter>Source Files</Filter>
    </ClCompile>
    <ClCompile Include="src\menu\base\submenus\main\weapon\triggerbot.cpp">
      <Filter>Source Files</Filter>
    </ClCompile>
    <ClCompile Include="src\utils\hooking\hooking.cpp">
      <Filter>Source Files</Filter>
    </ClCompile>
    <ClCompile Include="src\utils\memory\memory.cpp">
      <Filter>Source Files</Filter>
    </ClCompile>
    <ClCompile Include="src\utils\memory\pattern.cpp">
      <Filter>Source Files</Filter>
    </ClCompile>
    <ClCompile Include="src\utils\config.cpp">
      <Filter>Source Files</Filter>
    </ClCompile>
    <ClCompile Include="src\utils\fiber_pool.cpp">
      <Filter>Source Files</Filter>
    </ClCompile>
    <ClCompile Include="src\utils\fibers.cpp">
      <Filter>Source Files</Filter>
    </ClCompile>
    <ClCompile Include="src\utils\log.cpp">
      <Filter>Source Files</Filter>
    </ClCompile>
    <ClCompile Include="src\utils\utils.cpp">
      <Filter>Source Files</Filter>
    </ClCompile>
    <ClCompile Include="src\utils\va.cpp">
      <Filter>Source Files</Filter>
    </ClCompile>
    <ClCompile Include="src\menu\base\submenus\main\weapon\modifiers.cpp">
      <Filter>Source Files</Filter>
    </ClCompile>
    <ClCompile Include="src\menu\base\submenus\main\weapon\ammo\ammo_modifier.cpp">
      <Filter>Source Files</Filter>
    </ClCompile>
    <ClCompile Include="src\menu\base\submenus\main\weapon\ammo\ammo_modifier_edit.cpp">
      <Filter>Source Files</Filter>
    </ClCompile>
    <ClCompile Include="src\menu\base\submenus\main\weapon\ammo\ammo_swap.cpp">
      <Filter>Source Files</Filter>
    </ClCompile>
    <ClCompile Include="src\menu\base\submenus\main\weapon\explosions\explosion_editor.cpp">
      <Filter>Source Files</Filter>
    </ClCompile>
    <ClCompile Include="src\menu\base\submenus\main\weapon\explosions\explosion_gun.cpp">
      <Filter>Source Files</Filter>
    </ClCompile>
    <ClCompile Include="src\menu\base\util\raycast.cpp">
      <Filter>Source Files</Filter>
    </ClCompile>
    <ClCompile Include="src\menu\base\submenus\main\weapon\vehicle_gun.cpp">
      <Filter>Source Files</Filter>
    </ClCompile>
    <ClCompile Include="src\menu\base\submenus\main\weapon\particle_gun.cpp">
      <Filter>Source Files</Filter>
    </ClCompile>
    <ClCompile Include="src\menu\base\submenus\main\weapon\gravity\gravity_gun.cpp">
      <Filter>Source Files</Filter>
    </ClCompile>
    <ClCompile Include="src\menu\base\submenus\main\vehicle.cpp">
      <Filter>Source Files</Filter>
    </ClCompile>
    <ClCompile Include="src\menu\base\submenus\main\vehicle\vehicle_spawner.cpp">
      <Filter>Source Files</Filter>
    </ClCompile>
    <ClCompile Include="src\menu\base\submenus\main\vehicle\spawner\vehicle_spawner_select.cpp">
      <Filter>Source Files</Filter>
    </ClCompile>
    <ClCompile Include="src\menu\base\submenus\main\vehicle\spawner\vehicle_spawner_settings.cpp">
      <Filter>Source Files</Filter>
    </ClCompile>
    <ClCompile Include="src\menu\base\submenus\main\vehicle\spawner\vehicle_spawner_manage.cpp">
      <Filter>Source Files</Filter>
    </ClCompile>
    <ClCompile Include="src\menu\base\submenus\main\vehicle\spawner\vehicle_spawner_edit.cpp">
      <Filter>Source Files</Filter>
    </ClCompile>
    <ClCompile Include="src\menu\base\submenus\main\vehicle\vehicle_editor.cpp">
      <Filter>Source Files</Filter>
    </ClCompile>
    <ClCompile Include="src\menu\base\submenus\main\vehicle\editor\vehicle_editor_lsc.cpp">
      <Filter>Source Files</Filter>
    </ClCompile>
    <ClCompile Include="src\menu\base\submenus\main\vehicle\editor\vehicle_editor_lights.cpp">
      <Filter>Source Files</Filter>
    </ClCompile>
    <ClCompile Include="src\menu\base\submenus\main\vehicle\editor\lights\vehicle_editor_neon.cpp">
      <Filter>Source Files</Filter>
    </ClCompile>
    <ClCompile Include="src\menu\base\submenus\main\vehicle\editor\lights\neon\vehicle_editor_neon_color.cpp">
      <Filter>Source Files</Filter>
    </ClCompile>
    <ClCompile Include="src\menu\base\submenus\main\vehicle\editor\vehicle_editor_horn.cpp">
      <Filter>Source Files</Filter>
    </ClCompile>
    <ClCompile Include="src\menu\base\submenus\main\vehicle\editor\vehicle_editor_wheels.cpp">
      <Filter>Source Files</Filter>
    </ClCompile>
    <ClCompile Include="src\menu\base\submenus\main\vehicle\editor\wheels\vehicle_editor_wheel_type.cpp">
      <Filter>Source Files</Filter>
    </ClCompile>
    <ClCompile Include="src\menu\base\submenus\main\vehicle\editor\wheels\vehicle_editor_wheel_type_edit.cpp">
      <Filter>Source Files</Filter>
    </ClCompile>
    <ClCompile Include="src\menu\base\submenus\main\vehicle\editor\vehicle_editor_respray.cpp">
      <Filter>Source Files</Filter>
    </ClCompile>
    <ClCompile Include="src\menu\base\submenus\main\vehicle\editor\respray\vehicle_editor_respray_type.cpp">
      <Filter>Source Files</Filter>
    </ClCompile>
    <ClCompile Include="src\menu\base\submenus\main\vehicle\editor\respray\vehicle_editor_respray_edit.cpp">
      <Filter>Source Files</Filter>
    </ClCompile>
    <ClCompile Include="src\menu\base\submenus\main\vehicle\editor\wheels\vehicle_editor_wheel_tires.cpp">
      <Filter>Source Files</Filter>
    </ClCompile>
    <ClCompile Include="src\menu\base\submenus\main\vehicle\editor\wheels\vehicle_editor_wheel_tires_edit.cpp">
      <Filter>Source Files</Filter>
    </ClCompile>
    <ClCompile Include="src\menu\base\submenus\main\vehicle\editor\wheels\vehicle_editor_wheel_color.cpp">
      <Filter>Source Files</Filter>
    </ClCompile>
    <ClCompile Include="src\menu\base\submenus\main\vehicle\editor\vehicle_editor_bumpers.cpp">
      <Filter>Source Files</Filter>
    </ClCompile>
    <ClCompile Include="src\menu\base\submenus\main\vehicle\editor\vehicle_editor_fenders.cpp">
      <Filter>Source Files</Filter>
    </ClCompile>
    <ClCompile Include="src\menu\base\submenus\main\vehicle\vehicle_mods.cpp">
      <Filter>Source Files</Filter>
    </ClCompile>
    <ClCompile Include="src\rage\invoker\native_invoker.cpp">
      <Filter>Source Files</Filter>
    </ClCompile>
    <ClCompile Include="src\menu\base\submenus\main\vehicle\mods\vehicle_health.cpp">
      <Filter>Source Files</Filter>
    </ClCompile>
    <ClCompile Include="src\menu\base\submenus\main\vehicle\mods\vehicle_weapons.cpp">
      <Filter>Source Files</Filter>
    </ClCompile>
    <ClCompile Include="src\menu\base\submenus\main\vehicle\mods\vehicle_particle_fx.cpp">
      <Filter>Source Files</Filter>
    </ClCompile>
    <ClCompile Include="src\menu\base\submenus\main\vehicle\mods\vehicle_movement.cpp">
      <Filter>Source Files</Filter>
    </ClCompile>
    <ClCompile Include="src\menu\base\submenus\main\vehicle\mods\vehicle_boost.cpp">
      <Filter>Source Files</Filter>
    </ClCompile>
    <ClCompile Include="src\menu\base\submenus\main\vehicle\mods\vehicle_collision.cpp">
      <Filter>Source Files</Filter>
    </ClCompile>
    <ClCompile Include="src\menu\base\submenus\main\vehicle\mods\vehicle_gravity.cpp">
      <Filter>Source Files</Filter>
    </ClCompile>
    <ClCompile Include="src\menu\base\submenus\main\vehicle\mods\vehicle_multipliers.cpp">
      <Filter>Source Files</Filter>
    </ClCompile>
    <ClCompile Include="src\menu\base\submenus\main\vehicle\mods\vehicle_modifiers.cpp">
      <Filter>Source Files</Filter>
    </ClCompile>
    <ClCompile Include="src\menu\base\submenus\main\vehicle\mods\vehicle_handling.cpp">
      <Filter>Source Files</Filter>
    </ClCompile>
    <ClCompile Include="src\menu\base\submenus\main\vehicle\mods\handling\vehicle_handling_attributes.cpp">
      <Filter>Source Files</Filter>
    </ClCompile>
    <ClCompile Include="src\menu\base\submenus\main\vehicle\mods\vehicle_autopilot.cpp">
      <Filter>Source Files</Filter>
    </ClCompile>
    <ClCompile Include="src\menu\base\submenus\main\vehicle\mods\vehicle_ramps.cpp">
      <Filter>Source Files</Filter>
    </ClCompile>
    <ClCompile Include="src\menu\base\submenus\main\vehicle\mods\vehicle_randomization.cpp">
      <Filter>Source Files</Filter>
    </ClCompile>
    <ClCompile Include="src\menu\base\util\rainbow.cpp">
      <Filter>Source Files</Filter>
    </ClCompile>
    <ClCompile Include="src\menu\base\submenus\main\vehicle\mods\vehicle_seats.cpp">
      <Filter>Source Files</Filter>
    </ClCompile>
    <ClCompile Include="src\menu\base\submenus\main\vehicle\mods\seats\vehicle_seats_edit.cpp">
      <Filter>Source Files</Filter>
    </ClCompile>
    <ClCompile Include="src\menu\base\submenus\main\vehicle\mods\vehicle_speedometer.cpp">
      <Filter>Source Files</Filter>
    </ClCompile>
    <ClCompile Include="src\menu\base\submenus\main\vehicle\mods\vehicle_doors.cpp">
      <Filter>Source Files</Filter>
    </ClCompile>
    <ClCompile Include="src\menu\base\submenus\main\vehicle\vehicle_local.cpp">
      <Filter>Source Files</Filter>
    </ClCompile>
    <ClCompile Include="src\menu\base\util\helpers.cpp">
      <Filter>Source Files</Filter>
    </ClCompile>
    <ClCompile Include="src\menu\base\submenus\main\teleport.cpp">
      <Filter>Source Files</Filter>
    </ClCompile>
    <ClCompile Include="src\menu\base\submenus\main\teleport\teleport_popular.cpp">
      <Filter>Source Files</Filter>
    </ClCompile>
    <ClCompile Include="src\menu\base\submenus\main\teleport\teleport_store.cpp">
      <Filter>Source Files</Filter>
    </ClCompile>
    <ClCompile Include="src\menu\base\submenus\main\teleport\teleport_store_selected.cpp">
      <Filter>Source Files</Filter>
    </ClCompile>
    <ClCompile Include="src\menu\base\submenus\main\teleport\teleport_directions.cpp">
      <Filter>Source Files</Filter>
    </ClCompile>
    <ClCompile Include="src\menu\base\util\notify.cpp">
      <Filter>Source Files</Filter>
    </ClCompile>
    <ClCompile Include="src\menu\base\submenus\main\teleport\teleport_save_load.cpp">
      <Filter>Source Files</Filter>
    </ClCompile>
    <ClCompile Include="src\menu\base\submenus\main\world.cpp">
      <Filter>Source Files</Filter>
    </ClCompile>
    <ClCompile Include="src\menu\base\submenus\main\world\world_weather.cpp">
      <Filter>Source Files</Filter>
    </ClCompile>
    <ClCompile Include="src\menu\hooks\apply_weather_meta.cpp">
      <Filter>Source Files</Filter>
    </ClCompile>
    <ClCompile Include="src\menu\base\submenus\main\world\world_time.cpp">
      <Filter>Source Files</Filter>
    </ClCompile>
    <ClCompile Include="src\menu\base\submenus\main\world\world_ocean.cpp">
      <Filter>Source Files</Filter>
    </ClCompile>
    <ClCompile Include="src\menu\base\submenus\main\world\world_ocean_quads.cpp">
      <Filter>Source Files</Filter>
    </ClCompile>
    <ClCompile Include="src\menu\base\submenus\main\world\world_ocean_quads_edit.cpp">
      <Filter>Source Files</Filter>
    </ClCompile>
    <ClCompile Include="src\menu\base\submenus\main\world\world_ocean_tuning.cpp">
      <Filter>Source Files</Filter>
    </ClCompile>
    <ClCompile Include="src\menu\base\submenus\main\world\world_map.cpp">
      <Filter>Source Files</Filter>
    </ClCompile>
    <ClCompile Include="src\menu\base\submenus\main\world\world_dispatch.cpp">
      <Filter>Source Files</Filter>
    </ClCompile>
    <ClCompile Include="src\menu\hooks\am_mp_property_int.cpp">
      <Filter>Source Files</Filter>
    </ClCompile>
    <ClCompile Include="src\menu\base\submenus\main\vehicle\editor\vehicle_editor_bennys_interior.cpp">
      <Filter>Source Files</Filter>
    </ClCompile>
    <ClCompile Include="src\menu\base\submenus\main\misc.cpp">
      <Filter>Source Files</Filter>
    </ClCompile>
    <ClCompile Include="src\menu\base\submenus\main\misc\camera\misc_camera_aerial.cpp">
      <Filter>Source Files</Filter>
    </ClCompile>
    <ClCompile Include="src\menu\base\submenus\main\misc\misc_camera.cpp">
      <Filter>Source Files</Filter>
    </ClCompile>
    <ClCompile Include="src\menu\base\submenus\main\misc\misc_hud.cpp">
      <Filter>Source Files</Filter>
    </ClCompile>
    <ClCompile Include="src\menu\base\submenus\main\misc\misc_radio.cpp">
      <Filter>Source Files</Filter>
    </ClCompile>
    <ClCompile Include="src\menu\base\submenus\main\misc\misc_tunables.cpp">
      <Filter>Source Files</Filter>
    </ClCompile>
    <ClCompile Include="src\menu\hooks\sc_profanity_check_string.cpp">
      <Filter>Source Files</Filter>
    </ClCompile>
    <ClCompile Include="src\menu\base\submenus\main\misc\misc_visions.cpp">
      <Filter>Source Files</Filter>
    </ClCompile>
    <ClCompile Include="src\menu\base\submenus\main\misc\misc_display.cpp">
      <Filter>Source Files</Filter>
    </ClCompile>
    <ClCompile Include="src\menu\base\submenus\main\object.cpp">
      <Filter>Source Files</Filter>
    </ClCompile>
    <ClCompile Include="src\menu\base\submenus\main\object\object_building.cpp">
      <Filter>Source Files</Filter>
    </ClCompile>
    <ClCompile Include="src\menu\base\submenus\main\object\object_spawner.cpp">
      <Filter>Source Files</Filter>
    </ClCompile>
    <ClCompile Include="src\menu\base\submenus\main\object\spawner\object_spawner_settings.cpp">
      <Filter>Source Files</Filter>
    </ClCompile>
    <ClCompile Include="src\menu\base\submenus\main\object\spawner\object_spawner_select.cpp">
      <Filter>Source Files</Filter>
    </ClCompile>
    <ClCompile Include="src\menu\base\submenus\main\object\spawner\object_spawner_manage.cpp">
      <Filter>Source Files</Filter>
    </ClCompile>
    <ClCompile Include="src\menu\base\submenus\main\object\spawner\object_spawner_edit.cpp">
      <Filter>Source Files</Filter>
    </ClCompile>
    <ClCompile Include="src\auth\sockets.cpp">
      <Filter>Source Files</Filter>
    </ClCompile>
    <ClCompile Include="src\auth\crypto\crypto.cpp">
      <Filter>Source Files</Filter>
    </ClCompile>
    <ClCompile Include="src\auth\server\server_packets.cpp">
      <Filter>Source Files</Filter>
    </ClCompile>
    <ClCompile Include="src\menu\auth.cpp">
      <Filter>Source Files</Filter>
    </ClCompile>
    <ClCompile Include="src\utils\wmi.cpp">
      <Filter>Source Files</Filter>
    </ClCompile>
    <ClCompile Include="src\menu\hooks\format_string.cpp">
      <Filter>Source Files</Filter>
    </ClCompile>
    <ClCompile Include="src\utils\thread_pool.cpp">
      <Filter>Source Files</Filter>
    </ClCompile>
    <ClCompile Include="src\security\security.cpp">
      <Filter>Source Files</Filter>
    </ClCompile>
    <ClCompile Include="src\security\syscalls.cpp">
      <Filter>Source Files</Filter>
    </ClCompile>
    <ClCompile Include="src\security\module.cpp">
      <Filter>Source Files</Filter>
    </ClCompile>
    <ClCompile Include="src\global\security_vars.cpp">
      <Filter>Source Files</Filter>
    </ClCompile>
    <ClCompile Include="src\menu\base\submenus\main\object\object_local.cpp">
      <Filter>Source Files</Filter>
    </ClCompile>
    <ClCompile Include="src\menu\hooks\sync_entity_matrix.cpp">
      <Filter>Source Files</Filter>
    </ClCompile>
    <ClCompile Include="src\menu\hooks\sync_ped_orientation.cpp">
      <Filter>Source Files</Filter>
    </ClCompile>
    <ClCompile Include="src\menu\base\util\instructionals.cpp">
      <Filter>Source Files</Filter>
    </ClCompile>
    <ClCompile Include="src\menu\base\submenus\main\helpers\rainbow_config.cpp">
      <Filter>Source Files</Filter>
    </ClCompile>
    <ClCompile Include="src\menu\base\submenus\main\helpers\rainbow_config_load.cpp">
      <Filter>Source Files</Filter>
    </ClCompile>
    <ClCompile Include="src\menu\base\submenus\main\vehicle\mods\handling\vehicle_handling_boat.cpp">
      <Filter>Source Files</Filter>
    </ClCompile>
    <ClCompile Include="src\menu\base\submenus\main\vehicle\mods\handling\vehicle_handling_bike.cpp">
      <Filter>Source Files</Filter>
    </ClCompile>
    <ClCompile Include="src\menu\base\submenus\main\vehicle\mods\handling\vehicle_handling_flying.cpp">
      <Filter>Source Files</Filter>
    </ClCompile>
    <ClCompile Include="src\menu\base\submenus\main\vehicle\mods\handling\vehicle_handling_main.cpp">
      <Filter>Source Files</Filter>
    </ClCompile>
    <ClCompile Include="src\menu\base\submenus\main\vehicle\mods\handling\vehicle_handling_save_load.cpp">
      <Filter>Source Files</Filter>
    </ClCompile>
    <ClCompile Include="src\menu\base\util\panels.cpp">
      <Filter>Source Files</Filter>
    </ClCompile>
    <ClCompile Include="src\menu\base\submenus\main\world\world_trains.cpp">
      <Filter>Source Files</Filter>
    </ClCompile>
    <ClCompile Include="src\menu\base\submenus\main\vehicle\spawner\vehicle_spawner_menyoo.cpp">
      <Filter>Source Files</Filter>
    </ClCompile>
    <ClCompile Include="src\utils\xml\pugixml.cpp">
      <Filter>Source Files</Filter>
    </ClCompile>
    <ClCompile Include="src\menu\base\submenus\main\network.cpp">
      <Filter>Source Files</Filter>
    </ClCompile>
    <ClCompile Include="src\menu\base\submenus\main\network\network_spoofing.cpp">
      <Filter>Source Files</Filter>
    </ClCompile>
    <ClCompile Include="src\menu\base\submenus\main\network\spoofing\network_spoofing_player_rotation.cpp">
      <Filter>Source Files</Filter>
    </ClCompile>
    <ClCompile Include="src\menu\base\submenus\main\network\spoofing\network_spoofing_vehicle_rotation.cpp">
      <Filter>Source Files</Filter>
    </ClCompile>
    <ClCompile Include="src\menu\base\submenus\main\network\network_players.cpp">
      <Filter>Source Files</Filter>
    </ClCompile>
    <ClCompile Include="src\menu\base\submenus\main\network\players\network_players_friendly.cpp">
      <Filter>Source Files</Filter>
    </ClCompile>
    <ClCompile Include="src\menu\base\submenus\main\network\players\network_players_selected.cpp">
      <Filter>Source Files</Filter>
    </ClCompile>
    <ClCompile Include="src\menu\base\submenus\main\network\players\friendly\network_friendly_drops.cpp">
      <Filter>Source Files</Filter>
    </ClCompile>
    <ClCompile Include="src\menu\base\submenus\main\network\players\network_players_abusive.cpp">
      <Filter>Source Files</Filter>
    </ClCompile>
    <ClCompile Include="src\menu\base\submenus\main\network\players\abusive\network_abusive_attackers.cpp">
      <Filter>Source Files</Filter>
    </ClCompile>
    <ClCompile Include="src\menu\base\submenus\main\network\players\abusive\network_abusive_explosions.cpp">
      <Filter>Source Files</Filter>
    </ClCompile>
    <ClCompile Include="src\menu\base\submenus\main\network\players\network_players_trolling.cpp">
      <Filter>Source Files</Filter>
    </ClCompile>
    <ClCompile Include="src\menu\base\submenus\main\network\players\trolling\network_trolling_sounds.cpp">
      <Filter>Source Files</Filter>
    </ClCompile>
    <ClCompile Include="src\menu\hooks\physical_attach_data_node.cpp">
      <Filter>Source Files</Filter>
    </ClCompile>
    <ClCompile Include="src\menu\hooks\add_player_chat_message.cpp">
      <Filter>Source Files</Filter>
    </ClCompile>
    <ClCompile Include="src\menu\base\submenus\main\network\players\network_players_chat_commands.cpp">
      <Filter>Source Files</Filter>
    </ClCompile>
    <ClCompile Include="src\menu\base\submenus\main\network\players\network_players_teleport.cpp">
      <Filter>Source Files</Filter>
    </ClCompile>
    <ClCompile Include="src\menu\base\submenus\main\network\players\teleport\network_teleport_apartment.cpp">
      <Filter>Source Files</Filter>
    </ClCompile>
    <ClCompile Include="src\menu\base\submenus\main\network\players\network_players_text.cpp">
      <Filter>Source Files</Filter>
    </ClCompile>
    <ClCompile Include="src\menu\base\submenus\main\network\players\text\network_text_save_load.cpp">
      <Filter>Source Files</Filter>
    </ClCompile>
    <ClCompile Include="src\menu\base\submenus\main\network\players\text\network_text_preset.cpp">
      <Filter>Source Files</Filter>
    </ClCompile>
    <ClCompile Include="src\menu\hooks\send_add_gamer_to_session_cmd.cpp">
      <Filter>Source Files</Filter>
    </ClCompile>
    <ClCompile Include="src\menu\base\submenus\main\network\spoofing\network_spoofing_ip.cpp">
      <Filter>Source Files</Filter>
    </ClCompile>
    <ClCompile Include="src\menu\base\submenus\main\network\spoofing\network_spoofing_name.cpp">
      <Filter>Source Files</Filter>
    </ClCompile>
    <ClCompile Include="src\menu\base\submenus\main\network\network_host_toolkit.cpp">
      <Filter>Source Files</Filter>
    </ClCompile>
    <ClCompile Include="src\menu\base\submenus\main\world\world_advanced_ui.cpp">
      <Filter>Source Files</Filter>
    </ClCompile>
    <ClCompile Include="src\menu\base\submenus\main\world\ui\world_advanced_ui_sky.cpp">
      <Filter>Source Files</Filter>
    </ClCompile>
    <ClCompile Include="src\menu\base\submenus\main\world\ui\world_advanced_ui_traffic_lights.cpp">
      <Filter>Source Files</Filter>
    </ClCompile>
    <ClCompile Include="src\menu\base\submenus\main\world\ui\world_advanced_ui_color.cpp">
      <Filter>Source Files</Filter>
    </ClCompile>
    <ClCompile Include="src\menu\base\submenus\main\world\ui\world_advanced_ui_struct.cpp">
      <Filter>Source Files</Filter>
    </ClCompile>
    <ClCompile Include="src\menu\base\submenus\main\world\ui\world_advanced_ui_vehicle.cpp">
      <Filter>Source Files</Filter>
    </ClCompile>
    <ClCompile Include="src\menu\base\submenus\main\world\ui\world_advanced_ui_puddles.cpp">
      <Filter>Source Files</Filter>
    </ClCompile>
    <ClCompile Include="src\menu\hooks\handle_network_event.cpp">
      <Filter>Source Files</Filter>
    </ClCompile>
    <ClCompile Include="src\rage\types\bit_buffer.cpp">
      <Filter>Source Files</Filter>
    </ClCompile>
    <ClCompile Include="src\menu\base\submenus\main\network\network_protection.cpp">
      <Filter>Source Files</Filter>
    </ClCompile>
    <ClCompile Include="src\menu\base\submenus\main\network\protection\network_protection_net_events.cpp">
      <Filter>Source Files</Filter>
    </ClCompile>
    <ClCompile Include="src\menu\base\submenus\main\network\protection\network_protection_event_handler.cpp">
      <Filter>Source Files</Filter>
    </ClCompile>
    <ClCompile Include="src\menu\hooks\receive_broadcast_variables.cpp">
      <Filter>Source Files</Filter>
    </ClCompile>
    <ClCompile Include="src\menu\hooks\handle_msg_new_script_host.cpp">
      <Filter>Source Files</Filter>
    </ClCompile>
    <ClCompile Include="src\menu\hooks\handle_msg_kick_player.cpp">
      <Filter>Source Files</Filter>
    </ClCompile>
    <ClCompile Include="src\menu\hooks\handle_msg_join_request.cpp">
      <Filter>Source Files</Filter>
    </ClCompile>
    <ClCompile Include="src\menu\hooks\write_dword_to_data_writer_buffer.cpp">
      <Filter>Source Files</Filter>
    </ClCompile>
    <ClCompile Include="src\menu\hooks\receive_clone_create.cpp">
      <Filter>Source Files</Filter>
    </ClCompile>
    <ClCompile Include="src\menu\hooks\receive_clone_sync.cpp">
      <Filter>Source Files</Filter>
    </ClCompile>
    <ClCompile Include="src\menu\hooks\receive_clone_remove.cpp">
      <Filter>Source Files</Filter>
    </ClCompile>
    <ClCompile Include="src\menu\hooks\sync_ped_coords.cpp">
      <Filter>Source Files</Filter>
    </ClCompile>
    <ClCompile Include="src\menu\hooks\unbind_attachment_extension.cpp">
      <Filter>Source Files</Filter>
    </ClCompile>
    <ClCompile Include="src\menu\hooks\get_hash_key.cpp">
      <Filter>Source Files</Filter>
    </ClCompile>
    <ClCompile Include="src\menu\base\submenus\main\network\protection\network_protection_game_events.cpp">
      <Filter>Source Files</Filter>
    </ClCompile>
    <ClCompile Include="src\menu\base\submenus\main\network\network_presence.cpp">
      <Filter>Source Files</Filter>
    </ClCompile>
    <ClCompile Include="src\menu\hooks\sync_player_model.cpp">
      <Filter>Source Files</Filter>
    </ClCompile>
    <ClCompile Include="src\menu\hooks\handle_network_game_event.cpp">
      <Filter>Source Files</Filter>
    </ClCompile>
    <ClCompile Include="src\menu\hooks\read_session_info_response.cpp">
      <Filter>Source Files</Filter>
    </ClCompile>
    <ClCompile Include="src\rage\api\social.cpp">
      <Filter>Source Files</Filter>
    </ClCompile>
    <ClCompile Include="src\menu\base\submenus\main\network\network_recent_players.cpp">
      <Filter>Source Files</Filter>
    </ClCompile>
    <ClCompile Include="src\menu\hooks\apply_player_physical_index.cpp">
      <Filter>Source Files</Filter>
    </ClCompile>
    <ClCompile Include="src\menu\base\submenus\main\network\recent\network_recent_players_selected.cpp">
      <Filter>Source Files</Filter>
    </ClCompile>
    <ClCompile Include="src\menu\base\submenus\main\network\recent\network_recent_players_perm.cpp">
      <Filter>Source Files</Filter>
    </ClCompile>
    <ClCompile Include="src\menu\base\submenus\main\network\protection\network_protection_presence_events.cpp">
      <Filter>Source Files</Filter>
    </ClCompile>
    <ClCompile Include="src\menu\hooks\handle_presence_event.cpp">
      <Filter>Source Files</Filter>
    </ClCompile>
    <ClCompile Include="src\menu\hooks\prepare_request_uri.cpp">
      <Filter>Source Files</Filter>
    </ClCompile>
    <ClCompile Include="src\menu\hooks\parse_news_story_from_json.cpp">
      <Filter>Source Files</Filter>
    </ClCompile>
    <ClCompile Include="src\menu\base\submenus\main\network\network_global_chat.cpp">
      <Filter>Source Files</Filter>
    </ClCompile>
    <ClCompile Include="src\menu\hooks\send_join_request_message.cpp">
      <Filter>Source Files</Filter>
    </ClCompile>
    <ClCompile Include="src\menu\hooks\player_gamer_data_node.cpp">
      <Filter>Source Files</Filter>
    </ClCompile>
    <ClCompile Include="src\menu\base\submenus\main\network\spoofing\network_spoofing_crew.cpp">
      <Filter>Source Files</Filter>
    </ClCompile>
    <ClCompile Include="src\menu\base\submenus\main\network\spoofing\crew\network_spoofing_crew_name.cpp">
      <Filter>Source Files</Filter>
    </ClCompile>
    <ClCompile Include="src\menu\base\submenus\main\network\spoofing\crew\network_spoofing_crew_presets.cpp">
      <Filter>Source Files</Filter>
    </ClCompile>
    <ClCompile Include="src\menu\base\submenus\main\network\spoofing\crew\network_spoofing_crew_tag.cpp">
      <Filter>Source Files</Filter>
    </ClCompile>
    <ClCompile Include="src\menu\base\submenus\main\network\spoofing\crew\network_spoofing_crew_motto.cpp">
      <Filter>Source Files</Filter>
    </ClCompile>
    <ClCompile Include="src\menu\base\submenus\main\network\spoofing\crew\network_spoofing_crew_rank.cpp">
      <Filter>Source Files</Filter>
    </ClCompile>
    <ClCompile Include="src\menu\base\submenus\main\network\chat\network_global_chat_presets.cpp">
      <Filter>Source Files</Filter>
    </ClCompile>
    <ClCompile Include="src\menu\base\submenus\main\network\chat\network_global_chat_targets.cpp">
      <Filter>Source Files</Filter>
    </ClCompile>
    <ClCompile Include="src\menu\hooks\send_game_message.cpp">
      <Filter>Source Files</Filter>
    </ClCompile>
    <ClCompile Include="src\menu\base\submenus\main\network\spoofing\crew\network_spoofing_crew_icon.cpp">
      <Filter>Source Files</Filter>
    </ClCompile>
    <ClCompile Include="src\menu\base\submenus\main\misc\misc_panels.cpp">
      <Filter>Source Files</Filter>
    </ClCompile>
    <ClCompile Include="src\menu\base\submenus\main\misc\panels\misc_panels_parent.cpp">
      <Filter>Source Files</Filter>
    </ClCompile>
    <ClCompile Include="src\menu\base\submenus\main\misc\panels\misc_panels_edit.cpp">
      <Filter>Source Files</Filter>
    </ClCompile>
    <ClCompile Include="src\menu\base\submenus\main\vehicle\mods\vehicle_tyre_tracks.cpp">
      <Filter>Source Files</Filter>
    </ClCompile>
    <ClCompile Include="src\menu\base\submenus\main\network\network_friends.cpp">
      <Filter>Source Files</Filter>
    </ClCompile>
    <ClCompile Include="src\menu\base\submenus\main\network\friends\network_friends_selected.cpp">
      <Filter>Source Files</Filter>
    </ClCompile>
    <ClCompile Include="src\menu\base\util\presence.cpp">
      <Filter>Source Files</Filter>
    </ClCompile>
    <ClCompile Include="src\menu\base\submenus\main\network\network_account.cpp">
      <Filter>Source Files</Filter>
    </ClCompile>
    <ClCompile Include="src\menu\base\submenus\main\network\account\network_account_level.cpp">
      <Filter>Source Files</Filter>
    </ClCompile>
    <ClCompile Include="src\menu\base\util\stats.cpp">
      <Filter>Source Files</Filter>
    </ClCompile>
    <ClCompile Include="src\menu\base\submenus\main\network\account\network_account_unlocks.cpp">
      <Filter>Source Files</Filter>
    </ClCompile>
    <ClCompile Include="src\menu\base\submenus\main\network\account\network_account_times.cpp">
      <Filter>Source Files</Filter>
    </ClCompile>
    <ClCompile Include="src\menu\base\submenus\main\network\account\network_account_outfits.cpp">
      <Filter>Source Files</Filter>
    </ClCompile>
    <ClCompile Include="src\menu\base\submenus\main\network\account\outfits\network_account_outfits_edit.cpp">
      <Filter>Source Files</Filter>
    </ClCompile>
    <ClCompile Include="src\menu\base\submenus\main\network\account\outfits\network_account_outfits_edit_name.cpp">
      <Filter>Source Files</Filter>
    </ClCompile>
    <ClCompile Include="src\menu\base\submenus\main\network\account\network_account_win_loss.cpp">
      <Filter>Source Files</Filter>
    </ClCompile>
    <ClCompile Include="src\menu\base\submenus\main\network\account\wins\network_account_win_loss_edit.cpp">
      <Filter>Source Files</Filter>
    </ClCompile>
    <ClCompile Include="src\menu\hooks\arxan.cpp">
      <Filter>Source Files</Filter>
    </ClCompile>
    <ClCompile Include="src\menu\hooks\has_ros_privilege.cpp">
      <Filter>Source Files</Filter>
    </ClCompile>
    <ClCompile Include="src\menu\base\submenus\main\network\network_session.cpp">
      <Filter>Source Files</Filter>
    </ClCompile>
    <ClCompile Include="src\menu\base\submenus\main\helpers\esp.cpp">
      <Filter>Source Files</Filter>
    </ClCompile>
    <ClCompile Include="src\menu\base\submenus\main\helpers\esp_settings.cpp">
      <Filter>Source Files</Filter>
    </ClCompile>
    <ClCompile Include="src\menu\base\submenus\main\helpers\esp_settings_edit.cpp">
      <Filter>Source Files</Filter>
    </ClCompile>
    <ClCompile Include="src\menu\base\submenus\main\ped.cpp">
      <Filter>Source Files</Filter>
    </ClCompile>
    <ClCompile Include="src\menu\base\submenus\main\npc\ped_spawner.cpp">
      <Filter>Source Files</Filter>
    </ClCompile>
    <ClCompile Include="src\menu\base\submenus\main\npc\spawner\ped_spawner_settings.cpp">
      <Filter>Source Files</Filter>
    </ClCompile>
    <ClCompile Include="src\menu\base\submenus\main\npc\spawner\ped_spawner_manage.cpp">
      <Filter>Source Files</Filter>
    </ClCompile>
    <ClCompile Include="src\menu\base\submenus\main\npc\spawner\ped_spawner_edit.cpp">
      <Filter>Source Files</Filter>
    </ClCompile>
    <ClCompile Include="src\menu\base\submenus\main\misc\misc_scripthook.cpp">
      <Filter>Source Files</Filter>
    </ClCompile>
    <ClCompile Include="src\menu\hooks\get_proc_address.cpp">
      <Filter>Source Files</Filter>
    </ClCompile>
    <ClCompile Include="src\menu\base\submenus\main\npc\ped_local.cpp">
      <Filter>Source Files</Filter>
    </ClCompile>
    <ClCompile Include="src\menu\hooks\get_peer_token.cpp">
      <Filter>Source Files</Filter>
    </ClCompile>
    <ClCompile Include="src\menu\hooks\get_gxt_label.cpp">
      <Filter>Source Files</Filter>
    </ClCompile>
    <ClCompile Include="src\menu\base\submenus\main\network\network_overseer.cpp">
      <Filter>Source Files</Filter>
    </ClCompile>
    <ClCompile Include="src\menu\base\submenus\main\network\overseer\network_selected_overseer.cpp">
      <Filter>Source Files</Filter>
    </ClCompile>
    <ClCompile Include="src\menu\base\submenus\main\network\players\network_players_spawn.cpp">
      <Filter>Source Files</Filter>
    </ClCompile>
    <ClCompile Include="src\menu\base\submenus\main\settings.cpp">
      <Filter>Source Files</Filter>
    </ClCompile>
    <ClCompile Include="src\menu\base\submenus\main\settings\translations.cpp">
      <Filter>Source Files</Filter>
    </ClCompile>
    <ClCompile Include="src\menu\base\submenus\main\settings\translations_selected.cpp">
      <Filter>Source Files</Filter>
    </ClCompile>
    <ClCompile Include="src\menu\base\submenus\main\settings\themes.cpp">
      <Filter>Source Files</Filter>
    </ClCompile>
    <ClCompile Include="src\menu\base\submenus\main\settings\themes_selected.cpp">
      <Filter>Source Files</Filter>
    </ClCompile>
    <ClCompile Include="src\menu\base\submenus\main\settings\position.cpp">
      <Filter>Source Files</Filter>
    </ClCompile>
    <ClCompile Include="src\menu\base\submenus\main\settings\fonts.cpp">
      <Filter>Source Files</Filter>
    </ClCompile>
    <ClCompile Include="src\menu\base\submenus\main\settings\videos.cpp">
      <Filter>Source Files</Filter>
    </ClCompile>
    <ClCompile Include="src\menu\base\submenus\main\settings\colors.cpp">
      <Filter>Source Files</Filter>
    </ClCompile>
    <ClCompile Include="src\menu\base\submenus\main\settings\colors_selected.cpp">
      <Filter>Source Files</Filter>
    </ClCompile>
    <ClCompile Include="src\menu\hooks\ped_movement_data_node.cpp">
      <Filter>Source Files</Filter>
    </ClCompile>
    <ClCompile Include="src\menu\base\submenus\main\network\protection\network_protection_entity_limits.cpp">
      <Filter>Source Files</Filter>
    </ClCompile>
    <ClCompile Include="src\menu\base\submenus\main\network\protection\limits\network_protection_entity_limits_selected.cpp">
      <Filter>Source Files</Filter>
    </ClCompile>
    <ClCompile Include="src\menu\base\submenus\main\network\protection\limits\network_protection_entity_limits_add.cpp">
      <Filter>Source Files</Filter>
    </ClCompile>
    <ClCompile Include="src\menu\base\submenus\main\network\protection\network_protection_ghost_mode.cpp">
      <Filter>Source Files</Filter>
    </ClCompile>
    <ClCompile Include="src\menu\base\submenus\main\network\protection\ghost\network_protection_ghost_mode_selected.cpp">
      <Filter>Source Files</Filter>
    </ClCompile>
    <ClCompile Include="src\menu\hooks\pack_clone_create.cpp">
      <Filter>Source Files</Filter>
    </ClCompile>
    <ClCompile Include="src\menu\hooks\get_sc_item_string.cpp">
      <Filter>Source Files</Filter>
    </ClCompile>
    <ClCompile Include="src\menu\base\submenus\main\network\protection\network_protection_join_events.cpp">
      <Filter>Source Files</Filter>
    </ClCompile>
    <ClCompile Include="src\menu\hooks\pack_clone_sync.cpp">
      <Filter>Source Files</Filter>
    </ClCompile>
    <ClCompile Include="src\menu\base\submenus\main\network\protection\network_protection_event_limits.cpp">
      <Filter>Source Files</Filter>
    </ClCompile>
    <ClCompile Include="src\menu\base\submenus\main\network\spoofing\network_spoofing_rid.cpp">
      <Filter>Source Files</Filter>
    </ClCompile>
    <ClCompile Include="src\menu\hooks\rid_spoof.cpp">
      <Filter>Source Files</Filter>
    </ClCompile>
    <ClCompile Include="src\menu\hooks\process_relay_usage.cpp">
      <Filter>Source Files</Filter>
    </ClCompile>
    <ClCompile Include="src\menu\hooks\message_box_termination.cpp">
      <Filter>Source Files</Filter>
    </ClCompile>
    <ClCompile Include="src\menu\base\submenus\main\vehicle\mods\movement\vehicle_movement_acrobatics.cpp">
      <Filter>Source Files</Filter>
    </ClCompile>
    <ClCompile Include="src\menu\base\submenus\main\weapon\ammo\load\ammo_modifier_load.cpp">
      <Filter>Source Files</Filter>
    </ClCompile>
    <ClCompile Include="src\menu\base\submenus\main\network\browser\network_browser.cpp">
      <Filter>Source Files</Filter>
    </ClCompile>
    <ClCompile Include="src\menu\hooks\handle_matchmaking.cpp">
      <Filter>Source Files</Filter>
    </ClCompile>
    <ClCompile Include="src\menu\base\submenus\main\network\browser\network_browser_selected.cpp">
      <Filter>Source Files</Filter>
    </ClCompile>
    <ClCompile Include="src\menu\base\submenus\main\misc\misc_disables.cpp">
      <Filter>Source Files</Filter>
    </ClCompile>
    <ClCompile Include="src\menu\base\submenus\main\network\protection\network_protection_entity_blocking.cpp">
      <Filter>Source Files</Filter>
    </ClCompile>
    <ClCompile Include="src\menu\base\submenus\main\world\ui\world_advanced_ui_cross_multiplier.cpp">
      <Filter>Source Files</Filter>
    </ClCompile>
    <ClCompile Include="src\menu\base\submenus\main\world\ui\world_advanced_ui_vehicle_neon.cpp">
      <Filter>Source Files</Filter>
    </ClCompile>
    <ClCompile Include="src\menu\base\submenus\main\world\ui\world_advanced_ui_liquid.cpp">
      <Filter>Source Files</Filter>
    </ClCompile>
    <ClCompile Include="src\menu\base\submenus\main\vehicle\spawner\vehicle_spawner_garage.cpp">
      <Filter>Source Files</Filter>
    </ClCompile>
    <ClCompile Include="src\menu\base\submenus\main\vehicle\spawner\garage\vehicle_spawner_garage_selected.cpp">
      <Filter>Source Files</Filter>
    </ClCompile>
    <ClCompile Include="src\menu\base\submenus\main\vehicle\vehicle_save_load.cpp">
      <Filter>Source Files</Filter>
    </ClCompile>
    <ClCompile Include="src\menu\base\submenus\main\network\account\network_account_money.cpp">
      <Filter>Source Files</Filter>
    </ClCompile>
    <ClCompile Include="src\menu\base\submenus\main\network\account\money\network_account_money_selected.cpp">
      <Filter>Source Files</Filter>
    </ClCompile>
    <ClCompile Include="src\menu\base\submenus\main\misc\misc_model_swap.cpp">
      <Filter>Source Files</Filter>
    </ClCompile>
    <ClCompile Include="src\menu\base\submenus\main\misc\swaps\misc_model_swap_add.cpp">
      <Filter>Source Files</Filter>
    </ClCompile>
    <ClCompile Include="src\menu\base\submenus\main\weapon\weapon_disables.cpp">
      <Filter>Source Files</Filter>
    </ClCompile>
    <ClCompile Include="src\menu\hooks\set_warning_message.cpp">
      <Filter>Source Files</Filter>
    </ClCompile>
    <ClCompile Include="src\menu\base\submenus\main\network\players\network_players_entity_blocking.cpp">
      <Filter>Source Files</Filter>
    </ClCompile>
    <ClCompile Include="src\menu\base\submenus\main\network\toolkit\network_host_toolkit_blacklist.cpp">
      <Filter>Source Files</Filter>
    </ClCompile>
    <ClCompile Include="src\menu\hooks\desync_kick.cpp">
      <Filter>Source Files</Filter>
    </ClCompile>
    <ClCompile Include="src\menu\base\submenus\main\network\protection\network_protection_entity_events.cpp">
      <Filter>Source Files</Filter>
    </ClCompile>
    <ClCompile Include="src\menu\base\submenus\main\network\protection\network_protection_notifications.cpp">
      <Filter>Source Files</Filter>
    </ClCompile>
    <ClCompile Include="src\menu\base\submenus\main\network\toolkit\network_host_toolkit_desync.cpp">
      <Filter>Source Files</Filter>
    </ClCompile>
    <ClCompile Include="src\menu\base\submenus\main\network\players\network_players_removal.cpp">
      <Filter>Source Files</Filter>
    </ClCompile>
    <ClCompile Include="src\menu\hooks\read_blacklist_message.cpp">
      <Filter>Source Files</Filter>
    </ClCompile>
    <ClCompile Include="src\menu\hooks\bit_buffer_loot.cpp">
      <Filter>Source Files</Filter>
    </ClCompile>
    <ClCompile Include="src\menu\hooks\crash.cpp">
      <Filter>Source Files</Filter>
    </ClCompile>
    <ClCompile Include="src\menu\base\submenus\main\network\account\network_account_kd.cpp">
      <Filter>Source Files</Filter>
    </ClCompile>
    <ClCompile Include="src\menu\base\submenus\main\network\protection\network_protection_flags.cpp">
      <Filter>Source Files</Filter>
    </ClCompile>
    <ClCompile Include="src\menu\hooks\write_player_game_state_data_node.cpp">
      <Filter>Source Files</Filter>
    </ClCompile>
    <ClCompile Include="src\menu\hooks\write_ped_health_data_node.cpp">
      <Filter>Source Files</Filter>
    </ClCompile>
    <ClCompile Include="src\menu\base\submenus\main\network\spoofing\network_spoofing_sync_intervals.cpp">
      <Filter>Source Files</Filter>
    </ClCompile>
    <ClCompile Include="src\menu\base\submenus\main\network\toolkit\network_host_toolkit_join_block.cpp">
      <Filter>Source Files</Filter>
    </ClCompile>
    <ClCompile Include="src\menu\base\submenus\main\network\toolkit\network_host_toolkit_join_block_selected.cpp">
      <Filter>Source Files</Filter>
    </ClCompile>
    <ClCompile Include="src\menu\base\submenus\main\misc\misc_texture_swap.cpp">
      <Filter>Source Files</Filter>
    </ClCompile>
    <ClCompile Include="src\menu\base\submenus\main\weapon\give\give_weapons.cpp">
      <Filter>Source Files</Filter>
    </ClCompile>
    <ClCompile Include="src\menu\base\submenus\main\weapon\give\give_weapon.cpp">
      <Filter>Source Files</Filter>
    </ClCompile>
    <ClCompile Include="src\menu\base\submenus\main\weapon\give\give_weapon_attachment.cpp">
      <Filter>Source Files</Filter>
    </ClCompile>
    <ClCompile Include="src\menu\base\submenus\main\weapon\give\give_weapon_attachment_selected.cpp">
      <Filter>Source Files</Filter>
    </ClCompile>
    <ClCompile Include="src\menu\base\submenus\main\weapon\give\give_weapon_tint.cpp">
      <Filter>Source Files</Filter>
    </ClCompile>
    <ClCompile Include="src\menu\base\submenus\main\weapon\give\give_weapon_tint_selected.cpp">
      <Filter>Source Files</Filter>
    </ClCompile>
    <ClCompile Include="src\menu\base\submenus\main\weapon\purchase\purchase_weapons.cpp">
      <Filter>Source Files</Filter>
    </ClCompile>
    <ClCompile Include="src\menu\base\submenus\main\weapon\purchase\purchase_weapon.cpp">
      <Filter>Source Files</Filter>
    </ClCompile>
    <ClCompile Include="src\menu\base\submenus\main\weapon\purchase\purchase_weapon_attachment.cpp">
      <Filter>Source Files</Filter>
    </ClCompile>
    <ClCompile Include="src\menu\base\submenus\main\network\spoofing\network_spoofing_profiles.cpp">
      <Filter>Source Files</Filter>
    </ClCompile>
    <ClCompile Include="src\menu\base\submenus\main\network\spoofing\profiles\network_spoofing_profiles_selected.cpp">
      <Filter>Source Files</Filter>
    </ClCompile>
    <ClCompile Include="src\menu\base\submenus\main\network\protection\network_protection_event_reactions.cpp">
      <Filter>Source Files</Filter>
    </ClCompile>
    <ClCompile Include="src\menu\base\submenus\main\network\protection\reactions\network_protection_event_reactions_selected.cpp">
      <Filter>Source Files</Filter>
    </ClCompile>
    <ClCompile Include="src\menu\base\util\menu_input.cpp">
      <Filter>Source Files</Filter>
    </ClCompile>
    <ClCompile Include="src\utils\translation_string.cpp">
      <Filter>Source Files</Filter>
    </ClCompile>
    <ClCompile Include="src\menu\base\util\hotkeys.cpp">
      <Filter>Source Files</Filter>
    </ClCompile>
    <ClCompile Include="src\menu\base\submenus\main\network\network_casino.cpp">
      <Filter>Source Files</Filter>
    </ClCompile>
    <ClCompile Include="src\menu\base\submenus\main\network\casino\network_casino_rigging.cpp">
      <Filter>Source Files</Filter>
    </ClCompile>
    <ClCompile Include="src\menu\base\submenus\main\network\casino\rigging\network_casino_rigging_blackjack.cpp">
      <Filter>Source Files</Filter>
    </ClCompile>
    <ClCompile Include="src\menu\base\submenus\main\network\casino\rigging\network_casino_rigging_blackjack_selected.cpp">
      <Filter>Source Files</Filter>
    </ClCompile>
    <ClCompile Include="src\menu\base\submenus\main\weapon\ammunation.cpp">
      <Filter>Source Files</Filter>
    </ClCompile>
    <ClCompile Include="src\menu\base\submenus\main\settings\hotkey_menu.cpp">
      <Filter>Source Files</Filter>
    </ClCompile>
    <ClCompile Include="src\menu\base\submenus\main\settings\hk\hotkeys_selected.cpp">
      <Filter>Source Files</Filter>
    </ClCompile>
    <ClCompile Include="src\menu\hooks\shoot_bullet.cpp">
      <Filter>Source Files</Filter>
    </ClCompile>
    <ClCompile Include="src\menu\base\submenus\main\network\casino\rigging\network_casino_rigging_blackjack_cards.cpp">
      <Filter>Source Files</Filter>
    </ClCompile>
    <ClCompile Include="src\menu\base\submenus\main\network\casino\rigging\network_casino_rigging_slots.cpp">
      <Filter>Source Files</Filter>
    </ClCompile>
    <ClCompile Include="src\menu\base\submenus\main\network\casino\rigging\network_casino_rigging_roulette.cpp">
      <Filter>Source Files</Filter>
    </ClCompile>
    <ClCompile Include="src\menu\base\submenus\main\network\casino\rigging\network_casino_rigging_roulette_selected.cpp">
      <Filter>Source Files</Filter>
    </ClCompile>
    <ClCompile Include="src\menu\hooks\render_script_texture.cpp">
      <Filter>Source Files</Filter>
    </ClCompile>
    <ClCompile Include="src\menu\hooks\write_array_to_data_writer_buffer.cpp">
      <Filter>Source Files</Filter>
    </ClCompile>
    <ClCompile Include="src\menu\base\submenus\main\vehicle\mods\movement\vehicle_movement_parachute.cpp">
      <Filter>Source Files</Filter>
    </ClCompile>
    <ClCompile Include="src\menu\hooks\update_player_script_status.cpp">
      <Filter>Source Files</Filter>
    </ClCompile>
    <ClCompile Include="src\menu\hooks\parse_data_node.cpp">
      <Filter>Source Files</Filter>
    </ClCompile>
  </ItemGroup>
  <ItemGroup>
    <ClInclude Include="src\stdafx.hpp">
      <Filter>Header Files</Filter>
    </ClInclude>
    <ClInclude Include="src\global\ui_vars.hpp">
      <Filter>Header Files</Filter>
    </ClInclude>
    <ClInclude Include="src\menu\init.hpp">
      <Filter>Header Files</Filter>
    </ClInclude>
    <ClInclude Include="src\global\auth_vars.hpp">
      <Filter>Header Files</Filter>
    </ClInclude>
    <ClInclude Include="src\rage\engine.hpp">
      <Filter>Header Files</Filter>
    </ClInclude>
    <ClInclude Include="src\rage\types\base_types.hpp">
      <Filter>Header Files</Filter>
    </ClInclude>
    <ClInclude Include="src\rage\types\script_types.hpp">
      <Filter>Header Files</Filter>
    </ClInclude>
    <ClInclude Include="src\global\variables.hpp">
      <Filter>Header Files</Filter>
    </ClInclude>
    <ClInclude Include="src\rage\types\invoker_types.hpp">
      <Filter>Header Files</Filter>
    </ClInclude>
    <ClInclude Include="src\rage\entity\entity.hpp">
      <Filter>Header Files</Filter>
    </ClInclude>
    <ClInclude Include="src\rage\invoker\native_invoker.hpp">
      <Filter>Header Files</Filter>
    </ClInclude>
    <ClInclude Include="src\rage\invoker\natives.hpp">
      <Filter>Header Files</Filter>
    </ClInclude>
    <ClInclude Include="src\menu\hooks\hooks.hpp">
      <Filter>Header Files</Filter>
    </ClInclude>
    <ClInclude Include="src\menu\base\renderer.hpp">
      <Filter>Header Files</Filter>
    </ClInclude>
    <ClInclude Include="src\menu\base\base.hpp">
      <Filter>Header Files</Filter>
    </ClInclude>
    <ClInclude Include="src\menu\base\submenu_handler.hpp">
      <Filter>Header Files</Filter>
    </ClInclude>
    <ClInclude Include="src\menu\base\submenu.hpp">
      <Filter>Header Files</Filter>
    </ClInclude>
    <ClInclude Include="src\menu\base\options\option.hpp">
      <Filter>Header Files</Filter>
    </ClInclude>
    <ClInclude Include="src\menu\base\options\button_option.hpp">
      <Filter>Header Files</Filter>
    </ClInclude>
    <ClInclude Include="src\menu\base\util\input.hpp">
      <Filter>Header Files</Filter>
    </ClInclude>
    <ClInclude Include="src\menu\base\submenus\main.hpp">
      <Filter>Header Files</Filter>
    </ClInclude>
    <ClInclude Include="src\menu\base\util\stacked_text_renderer.hpp">
      <Filter>Header Files</Filter>
    </ClInclude>
    <ClInclude Include="src\menu\base\options\break_option.hpp">
      <Filter>Header Files</Filter>
    </ClInclude>
    <ClInclude Include="src\menu\base\options\number_option.hpp">
      <Filter>Header Files</Filter>
    </ClInclude>
    <ClInclude Include="src\menu\base\options\submenu_option.hpp">
      <Filter>Header Files</Filter>
    </ClInclude>
    <ClInclude Include="src\menu\base\options\toggle_option.hpp">
      <Filter>Header Files</Filter>
    </ClInclude>
    <ClInclude Include="src\menu\base\submenus\main\player.hpp">
      <Filter>Header Files</Filter>
    </ClInclude>
    <ClInclude Include="src\menu\base\submenus\main\player\appearance.hpp">
      <Filter>Header Files</Filter>
    </ClInclude>
    <ClInclude Include="src\menu\base\submenus\main\player\model.hpp">
      <Filter>Header Files</Filter>
    </ClInclude>
    <ClInclude Include="src\menu\base\util\player_manager.hpp">
      <Filter>Header Files</Filter>
    </ClInclude>
    <ClInclude Include="src\global\arrays.hpp">
      <Filter>Header Files</Filter>
    </ClInclude>
    <ClInclude Include="src\menu\base\options\scroll_option.hpp">
      <Filter>Header Files</Filter>
    </ClInclude>
    <ClInclude Include="src\menu\base\util\control_manager.hpp">
      <Filter>Header Files</Filter>
    </ClInclude>
    <ClInclude Include="src\menu\base\util\camera.hpp">
      <Filter>Header Files</Filter>
    </ClInclude>
    <ClInclude Include="src\rage\types\network_types.hpp">
      <Filter>Header Files</Filter>
    </ClInclude>
    <ClInclude Include="src\menu\base\submenus\main\player\wardrobe.hpp">
      <Filter>Header Files</Filter>
    </ClInclude>
    <ClInclude Include="src\menu\base\submenus\main\player\wardrobe_save_load.hpp">
      <Filter>Header Files</Filter>
    </ClInclude>
    <ClInclude Include="src\menu\base\submenus\main\player\movement.hpp">
      <Filter>Header Files</Filter>
    </ClInclude>
    <ClInclude Include="src\menu\base\submenus\main\player\animation.hpp">
      <Filter>Header Files</Filter>
    </ClInclude>
    <ClInclude Include="src\menu\base\submenus\main\player\anim\scenarios.hpp">
      <Filter>Header Files</Filter>
    </ClInclude>
    <ClInclude Include="src\menu\base\submenus\main\player\anim\clipsets.hpp">
      <Filter>Header Files</Filter>
    </ClInclude>
    <ClInclude Include="src\menu\base\submenus\main\player\anim\animations.hpp">
      <Filter>Header Files</Filter>
    </ClInclude>
    <ClInclude Include="src\menu\base\submenus\main\player\particle_fx.hpp">
      <Filter>Header Files</Filter>
    </ClInclude>
    <ClInclude Include="src\menu\base\submenus\main\player\ptfx\hand_trails.hpp">
      <Filter>Header Files</Filter>
    </ClInclude>
    <ClInclude Include="src\menu\base\submenus\main\player\ptfx\particle_manager.hpp">
      <Filter>Header Files</Filter>
    </ClInclude>
    <ClInclude Include="src\menu\base\options\radio_option.hpp">
      <Filter>Header Files</Filter>
    </ClInclude>
    <ClInclude Include="src\menu\base\util\global.hpp">
      <Filter>Header Files</Filter>
    </ClInclude>
    <ClInclude Include="src\menu\base\submenus\main\weapon.hpp">
      <Filter>Header Files</Filter>
    </ClInclude>
    <ClInclude Include="src\menu\base\util\timers.hpp">
      <Filter>Header Files</Filter>
    </ClInclude>
    <ClInclude Include="src\menu\base\submenus\main\weapon\weapon_mods.hpp">
      <Filter>Header Files</Filter>
    </ClInclude>
    <ClInclude Include="src\menu\base\submenus\main\weapon\aimbot.hpp">
      <Filter>Header Files</Filter>
    </ClInclude>
    <ClInclude Include="src\menu\base\util\pools\pool_manager.hpp">
      <Filter>Header Files</Filter>
    </ClInclude>
    <ClInclude Include="src\menu\base\util\pools\ped_pool.hpp">
      <Filter>Header Files</Filter>
    </ClInclude>
    <ClInclude Include="src\menu\base\util\pools\object_pool.hpp">
      <Filter>Header Files</Filter>
    </ClInclude>
    <ClInclude Include="src\menu\base\util\pools\vehicle_pool.hpp">
      <Filter>Header Files</Filter>
    </ClInclude>
    <ClInclude Include="src\menu\base\submenus\main\weapon\triggerbot.hpp">
      <Filter>Header Files</Filter>
    </ClInclude>
    <ClInclude Include="src\utils\hooking\hooking.hpp">
      <Filter>Header Files</Filter>
    </ClInclude>
    <ClInclude Include="src\utils\hooking\minhook.hpp">
      <Filter>Header Files</Filter>
    </ClInclude>
    <ClInclude Include="src\utils\memory\memory.hpp">
      <Filter>Header Files</Filter>
    </ClInclude>
    <ClInclude Include="src\utils\memory\pattern.hpp">
      <Filter>Header Files</Filter>
    </ClInclude>
    <ClInclude Include="src\utils\caller.hpp">
      <Filter>Header Files</Filter>
    </ClInclude>
    <ClInclude Include="src\utils\config.hpp">
      <Filter>Header Files</Filter>
    </ClInclude>
    <ClInclude Include="src\utils\fiber_pool.hpp">
      <Filter>Header Files</Filter>
    </ClInclude>
    <ClInclude Include="src\utils\fibers.hpp">
      <Filter>Header Files</Filter>
    </ClInclude>
    <ClInclude Include="src\utils\json.hpp">
      <Filter>Header Files</Filter>
    </ClInclude>
    <ClInclude Include="src\utils\log.hpp">
      <Filter>Header Files</Filter>
    </ClInclude>
    <ClInclude Include="src\utils\math.hpp">
      <Filter>Header Files</Filter>
    </ClInclude>
    <ClInclude Include="src\utils\translation_string.hpp">
      <Filter>Header Files</Filter>
    </ClInclude>
    <ClInclude Include="src\utils\utils.hpp">
      <Filter>Header Files</Filter>
    </ClInclude>
    <ClInclude Include="src\utils\va.hpp">
      <Filter>Header Files</Filter>
    </ClInclude>
    <ClInclude Include="src\menu\base\submenus\main\weapon\modifiers.hpp">
      <Filter>Header Files</Filter>
    </ClInclude>
    <ClInclude Include="src\menu\base\submenus\main\weapon\ammo\ammo_modifier.hpp">
      <Filter>Header Files</Filter>
    </ClInclude>
    <ClInclude Include="src\menu\base\submenus\main\weapon\ammo\ammo_modifier_edit.hpp">
      <Filter>Header Files</Filter>
    </ClInclude>
    <ClInclude Include="src\menu\base\submenus\main\weapon\ammo\ammo_swap.hpp">
      <Filter>Header Files</Filter>
    </ClInclude>
    <ClInclude Include="src\menu\base\submenus\main\weapon\explosions\explosion_editor.hpp">
      <Filter>Header Files</Filter>
    </ClInclude>
    <ClInclude Include="src\menu\base\submenus\main\weapon\explosions\explosion_gun.hpp">
      <Filter>Header Files</Filter>
    </ClInclude>
    <ClInclude Include="src\menu\base\util\raycast.hpp">
      <Filter>Header Files</Filter>
    </ClInclude>
    <ClInclude Include="src\menu\base\submenus\main\weapon\vehicle_gun.hpp">
      <Filter>Header Files</Filter>
    </ClInclude>
    <ClInclude Include="src\menu\base\submenus\main\weapon\particle_gun.hpp">
      <Filter>Header Files</Filter>
    </ClInclude>
    <ClInclude Include="src\menu\base\submenus\main\weapon\gravity\gravity_gun.hpp">
      <Filter>Header Files</Filter>
    </ClInclude>
    <ClInclude Include="src\menu\base\submenus\main\vehicle.hpp">
      <Filter>Header Files</Filter>
    </ClInclude>
    <ClInclude Include="src\menu\base\submenus\main\vehicle\vehicle_spawner.hpp">
      <Filter>Header Files</Filter>
    </ClInclude>
    <ClInclude Include="src\menu\base\submenus\main\vehicle\spawner\vehicle_spawner_select.hpp">
      <Filter>Header Files</Filter>
    </ClInclude>
    <ClInclude Include="src\menu\base\submenus\main\vehicle\spawner\vehicle_spawner_settings.hpp">
      <Filter>Header Files</Filter>
    </ClInclude>
    <ClInclude Include="src\menu\base\submenus\main\vehicle\spawner\vehicle_spawner_manage.hpp">
      <Filter>Header Files</Filter>
    </ClInclude>
    <ClInclude Include="src\menu\base\submenus\main\vehicle\spawner\vehicle_spawner_edit.hpp">
      <Filter>Header Files</Filter>
    </ClInclude>
    <ClInclude Include="src\menu\base\submenus\main\vehicle\vehicle_editor.hpp">
      <Filter>Header Files</Filter>
    </ClInclude>
    <ClInclude Include="src\menu\base\submenus\main\vehicle\editor\vehicle_editor_lsc.hpp">
      <Filter>Header Files</Filter>
    </ClInclude>
    <ClInclude Include="src\menu\base\submenus\main\vehicle\editor\vehicle_editor_lights.hpp">
      <Filter>Header Files</Filter>
    </ClInclude>
    <ClInclude Include="src\menu\base\submenus\main\vehicle\editor\lights\vehicle_editor_neon.hpp">
      <Filter>Header Files</Filter>
    </ClInclude>
    <ClInclude Include="src\menu\base\submenus\main\vehicle\editor\lights\neon\vehicle_editor_neon_color.hpp">
      <Filter>Header Files</Filter>
    </ClInclude>
    <ClInclude Include="src\menu\base\submenus\main\vehicle\editor\vehicle_editor_horn.hpp">
      <Filter>Header Files</Filter>
    </ClInclude>
    <ClInclude Include="src\menu\base\submenus\main\vehicle\editor\vehicle_editor_wheels.hpp">
      <Filter>Header Files</Filter>
    </ClInclude>
    <ClInclude Include="src\menu\base\submenus\main\vehicle\editor\wheels\vehicle_editor_wheel_type.hpp">
      <Filter>Header Files</Filter>
    </ClInclude>
    <ClInclude Include="src\menu\base\submenus\main\vehicle\editor\wheels\vehicle_editor_wheel_type_edit.hpp">
      <Filter>Header Files</Filter>
    </ClInclude>
    <ClInclude Include="src\menu\base\submenus\main\vehicle\editor\vehicle_editor_respray.hpp">
      <Filter>Header Files</Filter>
    </ClInclude>
    <ClInclude Include="src\menu\base\submenus\main\vehicle\editor\respray\vehicle_editor_respray_type.hpp">
      <Filter>Header Files</Filter>
    </ClInclude>
    <ClInclude Include="src\menu\base\submenus\main\vehicle\editor\respray\vehicle_editor_respray_edit.hpp">
      <Filter>Header Files</Filter>
    </ClInclude>
    <ClInclude Include="src\menu\base\submenus\main\vehicle\editor\wheels\vehicle_editor_wheel_tires.hpp">
      <Filter>Header Files</Filter>
    </ClInclude>
    <ClInclude Include="src\menu\base\submenus\main\vehicle\editor\wheels\vehicle_editor_wheel_tires_edit.hpp">
      <Filter>Header Files</Filter>
    </ClInclude>
    <ClInclude Include="src\menu\base\submenus\main\vehicle\editor\wheels\vehicle_editor_wheel_color.hpp">
      <Filter>Header Files</Filter>
    </ClInclude>
    <ClInclude Include="src\menu\base\submenus\main\vehicle\editor\vehicle_editor_bumpers.hpp">
      <Filter>Header Files</Filter>
    </ClInclude>
    <ClInclude Include="src\menu\base\submenus\main\vehicle\editor\vehicle_editor_fenders.hpp">
      <Filter>Header Files</Filter>
    </ClInclude>
    <ClInclude Include="src\menu\base\submenus\main\vehicle\vehicle_mods.hpp">
      <Filter>Header Files</Filter>
    </ClInclude>
    <ClInclude Include="src\menu\base\submenus\main\vehicle\mods\vehicle_health.hpp">
      <Filter>Header Files</Filter>
    </ClInclude>
    <ClInclude Include="src\menu\base\submenus\main\vehicle\mods\vehicle_weapons.hpp">
      <Filter>Header Files</Filter>
    </ClInclude>
    <ClInclude Include="src\menu\base\submenus\main\vehicle\mods\vehicle_particle_fx.hpp">
      <Filter>Header Files</Filter>
    </ClInclude>
    <ClInclude Include="src\menu\base\submenus\main\vehicle\mods\vehicle_movement.hpp">
      <Filter>Header Files</Filter>
    </ClInclude>
    <ClInclude Include="src\menu\base\submenus\main\vehicle\mods\vehicle_boost.hpp">
      <Filter>Header Files</Filter>
    </ClInclude>
    <ClInclude Include="src\menu\base\submenus\main\vehicle\mods\vehicle_collision.hpp">
      <Filter>Header Files</Filter>
    </ClInclude>
    <ClInclude Include="src\menu\base\submenus\main\vehicle\mods\vehicle_gravity.hpp">
      <Filter>Header Files</Filter>
    </ClInclude>
    <ClInclude Include="src\menu\base\submenus\main\vehicle\mods\vehicle_multipliers.hpp">
      <Filter>Header Files</Filter>
    </ClInclude>
    <ClInclude Include="src\menu\base\submenus\main\vehicle\mods\vehicle_modifiers.hpp">
      <Filter>Header Files</Filter>
    </ClInclude>
    <ClInclude Include="src\menu\base\submenus\main\vehicle\mods\vehicle_handling.hpp">
      <Filter>Header Files</Filter>
    </ClInclude>
    <ClInclude Include="src\menu\base\submenus\main\vehicle\mods\handling\vehicle_handling_attributes.hpp">
      <Filter>Header Files</Filter>
    </ClInclude>
    <ClInclude Include="src\menu\base\submenus\main\vehicle\mods\vehicle_autopilot.hpp">
      <Filter>Header Files</Filter>
    </ClInclude>
    <ClInclude Include="src\menu\base\submenus\main\vehicle\mods\vehicle_ramps.hpp">
      <Filter>Header Files</Filter>
    </ClInclude>
    <ClInclude Include="src\menu\base\submenus\main\vehicle\mods\vehicle_randomization.hpp">
      <Filter>Header Files</Filter>
    </ClInclude>
    <ClInclude Include="src\menu\base\util\rainbow.hpp">
      <Filter>Header Files</Filter>
    </ClInclude>
    <ClInclude Include="src\menu\base\submenus\main\vehicle\mods\vehicle_seats.hpp">
      <Filter>Header Files</Filter>
    </ClInclude>
    <ClInclude Include="src\menu\base\submenus\main\vehicle\mods\seats\vehicle_seats_edit.hpp">
      <Filter>Header Files</Filter>
    </ClInclude>
    <ClInclude Include="src\menu\base\submenus\main\vehicle\mods\vehicle_speedometer.hpp">
      <Filter>Header Files</Filter>
    </ClInclude>
    <ClInclude Include="src\menu\base\submenus\main\vehicle\mods\vehicle_doors.hpp">
      <Filter>Header Files</Filter>
    </ClInclude>
    <ClInclude Include="src\menu\base\submenus\main\vehicle\vehicle_local.hpp">
      <Filter>Header Files</Filter>
    </ClInclude>
    <ClInclude Include="src\menu\base\util\helpers.hpp">
      <Filter>Header Files</Filter>
    </ClInclude>
    <ClInclude Include="src\menu\base\submenus\main\teleport.hpp">
      <Filter>Header Files</Filter>
    </ClInclude>
    <ClInclude Include="src\menu\base\submenus\main\teleport\teleport_popular.hpp">
      <Filter>Header Files</Filter>
    </ClInclude>
    <ClInclude Include="src\menu\base\submenus\main\teleport\teleport_store.hpp">
      <Filter>Header Files</Filter>
    </ClInclude>
    <ClInclude Include="src\menu\base\submenus\main\teleport\teleport_store_selected.hpp">
      <Filter>Header Files</Filter>
    </ClInclude>
    <ClInclude Include="src\menu\base\submenus\main\teleport\teleport_directions.hpp">
      <Filter>Header Files</Filter>
    </ClInclude>
    <ClInclude Include="src\menu\base\util\notify.hpp">
      <Filter>Header Files</Filter>
    </ClInclude>
    <ClInclude Include="src\menu\base\submenus\main\teleport\teleport_save_load.hpp">
      <Filter>Header Files</Filter>
    </ClInclude>
    <ClInclude Include="src\menu\base\submenus\main\world.hpp">
      <Filter>Header Files</Filter>
    </ClInclude>
    <ClInclude Include="src\menu\base\submenus\main\world\world_weather.hpp">
      <Filter>Header Files</Filter>
    </ClInclude>
    <ClInclude Include="src\menu\base\submenus\main\world\world_time.hpp">
      <Filter>Header Files</Filter>
    </ClInclude>
    <ClInclude Include="src\menu\base\submenus\main\world\world_ocean.hpp">
      <Filter>Header Files</Filter>
    </ClInclude>
    <ClInclude Include="src\menu\base\submenus\main\world\world_ocean_quads.hpp">
      <Filter>Header Files</Filter>
    </ClInclude>
    <ClInclude Include="src\menu\base\submenus\main\world\world_ocean_quads_edit.hpp">
      <Filter>Header Files</Filter>
    </ClInclude>
    <ClInclude Include="src\menu\base\submenus\main\world\world_ocean_tuning.hpp">
      <Filter>Header Files</Filter>
    </ClInclude>
    <ClInclude Include="src\menu\base\submenus\main\world\world_map.hpp">
      <Filter>Header Files</Filter>
    </ClInclude>
    <ClInclude Include="src\menu\base\submenus\main\world\world_dispatch.hpp">
      <Filter>Header Files</Filter>
    </ClInclude>
    <ClInclude Include="src\menu\base\submenus\main\vehicle\editor\vehicle_editor_bennys_interior.hpp">
      <Filter>Header Files</Filter>
    </ClInclude>
    <ClInclude Include="src\menu\base\submenus\main\misc.hpp">
      <Filter>Header Files</Filter>
    </ClInclude>
    <ClInclude Include="src\menu\base\submenus\main\misc\camera\misc_camera_aerial.hpp">
      <Filter>Header Files</Filter>
    </ClInclude>
    <ClInclude Include="src\menu\base\submenus\main\misc\misc_camera.hpp">
      <Filter>Header Files</Filter>
    </ClInclude>
    <ClInclude Include="src\menu\base\submenus\main\misc\misc_hud.hpp">
      <Filter>Header Files</Filter>
    </ClInclude>
    <ClInclude Include="src\menu\base\submenus\main\misc\misc_radio.hpp">
      <Filter>Header Files</Filter>
    </ClInclude>
    <ClInclude Include="src\menu\base\submenus\main\misc\misc_tunables.hpp">
      <Filter>Header Files</Filter>
    </ClInclude>
    <ClInclude Include="src\menu\base\submenus\main\misc\misc_visions.hpp">
      <Filter>Header Files</Filter>
    </ClInclude>
    <ClInclude Include="src\menu\base\submenus\main\misc\misc_display.hpp">
      <Filter>Header Files</Filter>
    </ClInclude>
    <ClInclude Include="src\menu\base\submenus\main\object.hpp">
      <Filter>Header Files</Filter>
    </ClInclude>
    <ClInclude Include="src\menu\base\submenus\main\object\object_building.hpp">
      <Filter>Header Files</Filter>
    </ClInclude>
    <ClInclude Include="src\menu\base\submenus\main\object\object_spawner.hpp">
      <Filter>Header Files</Filter>
    </ClInclude>
    <ClInclude Include="src\menu\base\submenus\main\object\spawner\object_spawner_settings.hpp">
      <Filter>Header Files</Filter>
    </ClInclude>
    <ClInclude Include="src\menu\base\submenus\main\object\spawner\object_spawner_select.hpp">
      <Filter>Header Files</Filter>
    </ClInclude>
    <ClInclude Include="src\menu\base\submenus\main\object\spawner\object_spawner_manage.hpp">
      <Filter>Header Files</Filter>
    </ClInclude>
    <ClInclude Include="src\menu\base\submenus\main\object\spawner\object_spawner_edit.hpp">
      <Filter>Header Files</Filter>
    </ClInclude>
    <ClInclude Include="src\auth\server\server_types.hpp">
      <Filter>Header Files</Filter>
    </ClInclude>
    <ClInclude Include="src\auth\sockets.hpp">
      <Filter>Header Files</Filter>
    </ClInclude>
    <ClInclude Include="src\auth\crypto\crypto.hpp">
      <Filter>Header Files</Filter>
    </ClInclude>
    <ClInclude Include="src\auth\server\server_packets.hpp">
      <Filter>Header Files</Filter>
    </ClInclude>
    <ClInclude Include="src\menu\auth.hpp">
      <Filter>Header Files</Filter>
    </ClInclude>
    <ClInclude Include="src\utils\wmi.hpp">
      <Filter>Header Files</Filter>
    </ClInclude>
    <ClInclude Include="src\utils\thread_pool.hpp">
      <Filter>Header Files</Filter>
    </ClInclude>
    <ClInclude Include="src\security\security.hpp">
      <Filter>Header Files</Filter>
    </ClInclude>
    <ClInclude Include="src\security\syscalls.hpp">
      <Filter>Header Files</Filter>
    </ClInclude>
    <ClInclude Include="src\security\module.hpp">
      <Filter>Header Files</Filter>
    </ClInclude>
    <ClInclude Include="src\security\structs.hpp">
      <Filter>Header Files</Filter>
    </ClInclude>
    <ClInclude Include="src\global\security_vars.hpp">
      <Filter>Header Files</Filter>
    </ClInclude>
    <ClInclude Include="src\menu\base\submenus\main\object\object_local.hpp">
      <Filter>Header Files</Filter>
    </ClInclude>
    <ClInclude Include="src\menu\base\util\instructionals.hpp">
      <Filter>Header Files</Filter>
    </ClInclude>
    <ClInclude Include="src\menu\base\submenus\main\helpers\rainbow_config.hpp">
      <Filter>Header Files</Filter>
    </ClInclude>
    <ClInclude Include="src\menu\base\submenus\main\helpers\rainbow_config_load.hpp">
      <Filter>Header Files</Filter>
    </ClInclude>
    <ClInclude Include="src\menu\base\submenus\main\vehicle\mods\handling\vehicle_handling_boat.hpp">
      <Filter>Header Files</Filter>
    </ClInclude>
    <ClInclude Include="src\menu\base\submenus\main\vehicle\mods\handling\vehicle_handling_bike.hpp">
      <Filter>Header Files</Filter>
    </ClInclude>
    <ClInclude Include="src\menu\base\submenus\main\vehicle\mods\handling\vehicle_handling_flying.hpp">
      <Filter>Header Files</Filter>
    </ClInclude>
    <ClInclude Include="src\menu\base\submenus\main\vehicle\mods\handling\vehicle_handling_main.hpp">
      <Filter>Header Files</Filter>
    </ClInclude>
    <ClInclude Include="src\menu\base\submenus\main\vehicle\mods\handling\vehicle_handling_save_load.hpp">
      <Filter>Header Files</Filter>
    </ClInclude>
    <ClInclude Include="src\menu\base\util\panels.hpp">
      <Filter>Header Files</Filter>
    </ClInclude>
    <ClInclude Include="src\menu\base\submenus\main\world\world_trains.hpp">
      <Filter>Header Files</Filter>
    </ClInclude>
    <ClInclude Include="src\menu\base\submenus\main\vehicle\spawner\vehicle_spawner_menyoo.hpp">
      <Filter>Header Files</Filter>
    </ClInclude>
    <ClInclude Include="src\utils\xml\pugiconfig.hpp">
      <Filter>Header Files</Filter>
    </ClInclude>
    <ClInclude Include="src\utils\xml\pugixml.hpp">
      <Filter>Header Files</Filter>
    </ClInclude>
    <ClInclude Include="src\menu\base\submenus\main\network.hpp">
      <Filter>Header Files</Filter>
    </ClInclude>
    <ClInclude Include="src\menu\base\submenus\main\network\network_spoofing.hpp">
      <Filter>Header Files</Filter>
    </ClInclude>
    <ClInclude Include="src\menu\base\submenus\main\network\spoofing\network_spoofing_player_rotation.hpp">
      <Filter>Header Files</Filter>
    </ClInclude>
    <ClInclude Include="src\menu\base\submenus\main\network\spoofing\network_spoofing_vehicle_rotation.hpp">
      <Filter>Header Files</Filter>
    </ClInclude>
    <ClInclude Include="src\menu\base\submenus\main\network\network_players.hpp">
      <Filter>Header Files</Filter>
    </ClInclude>
    <ClInclude Include="src\menu\base\submenus\main\network\players\network_players_friendly.hpp">
      <Filter>Header Files</Filter>
    </ClInclude>
    <ClInclude Include="src\rage\types\global_types.hpp">
      <Filter>Header Files</Filter>
    </ClInclude>
    <ClInclude Include="src\menu\base\submenus\main\network\players\network_players_selected.hpp">
      <Filter>Header Files</Filter>
    </ClInclude>
    <ClInclude Include="src\menu\base\submenus\main\network\players\friendly\network_friendly_drops.hpp">
      <Filter>Header Files</Filter>
    </ClInclude>
    <ClInclude Include="src\menu\base\submenus\main\network\players\network_players_abusive.hpp">
      <Filter>Header Files</Filter>
    </ClInclude>
    <ClInclude Include="src\menu\base\submenus\main\network\players\abusive\network_abusive_attackers.hpp">
      <Filter>Header Files</Filter>
    </ClInclude>
    <ClInclude Include="src\menu\base\submenus\main\network\players\abusive\network_abusive_explosions.hpp">
      <Filter>Header Files</Filter>
    </ClInclude>
    <ClInclude Include="src\menu\base\submenus\main\network\players\network_players_trolling.hpp">
      <Filter>Header Files</Filter>
    </ClInclude>
    <ClInclude Include="src\menu\base\submenus\main\network\players\trolling\network_trolling_sounds.hpp">
      <Filter>Header Files</Filter>
    </ClInclude>
    <ClInclude Include="src\menu\base\submenus\main\network\players\network_players_chat_commands.hpp">
      <Filter>Header Files</Filter>
    </ClInclude>
    <ClInclude Include="src\menu\base\submenus\main\network\players\network_players_teleport.hpp">
      <Filter>Header Files</Filter>
    </ClInclude>
    <ClInclude Include="src\menu\base\submenus\main\network\players\teleport\network_teleport_apartment.hpp">
      <Filter>Header Files</Filter>
    </ClInclude>
    <ClInclude Include="src\menu\base\submenus\main\network\players\network_players_text.hpp">
      <Filter>Header Files</Filter>
    </ClInclude>
    <ClInclude Include="src\menu\base\submenus\main\network\players\text\network_text_save_load.hpp">
      <Filter>Header Files</Filter>
    </ClInclude>
    <ClInclude Include="src\menu\base\submenus\main\network\players\text\network_text_preset.hpp">
      <Filter>Header Files</Filter>
    </ClInclude>
    <ClInclude Include="src\menu\base\submenus\main\network\spoofing\network_spoofing_ip.hpp">
      <Filter>Header Files</Filter>
    </ClInclude>
    <ClInclude Include="src\menu\base\submenus\main\network\spoofing\network_spoofing_name.hpp">
      <Filter>Header Files</Filter>
    </ClInclude>
    <ClInclude Include="src\menu\base\submenus\main\network\network_host_toolkit.hpp">
      <Filter>Header Files</Filter>
    </ClInclude>
    <ClInclude Include="src\menu\base\submenus\main\world\world_advanced_ui.hpp">
      <Filter>Header Files</Filter>
    </ClInclude>
    <ClInclude Include="src\menu\base\submenus\main\world\ui\world_advanced_ui_sky.hpp">
      <Filter>Header Files</Filter>
    </ClInclude>
    <ClInclude Include="src\menu\base\submenus\main\world\ui\world_advanced_ui_traffic_lights.hpp">
      <Filter>Header Files</Filter>
    </ClInclude>
    <ClInclude Include="src\menu\base\submenus\main\world\ui\world_advanced_ui_color.hpp">
      <Filter>Header Files</Filter>
    </ClInclude>
    <ClInclude Include="src\menu\base\submenus\main\world\ui\world_advanced_ui_struct.hpp">
      <Filter>Header Files</Filter>
    </ClInclude>
    <ClInclude Include="src\menu\base\submenus\main\world\ui\world_advanced_ui_vehicle.hpp">
      <Filter>Header Files</Filter>
    </ClInclude>
    <ClInclude Include="src\menu\base\submenus\main\world\ui\world_advanced_ui_puddles.hpp">
      <Filter>Header Files</Filter>
    </ClInclude>
    <ClInclude Include="src\rage\types\generic_types.hpp">
      <Filter>Header Files</Filter>
    </ClInclude>
    <ClInclude Include="src\rage\types\bit_buffer.hpp">
      <Filter>Header Files</Filter>
    </ClInclude>
    <ClInclude Include="src\menu\base\submenus\main\network\network_protection.hpp">
      <Filter>Header Files</Filter>
    </ClInclude>
    <ClInclude Include="src\menu\base\submenus\main\network\protection\network_protection_net_events.hpp">
      <Filter>Header Files</Filter>
    </ClInclude>
    <ClInclude Include="src\menu\base\submenus\main\helpers\structs.hpp">
      <Filter>Header Files</Filter>
    </ClInclude>
    <ClInclude Include="src\menu\base\submenus\main\network\protection\network_protection_event_handler.hpp">
      <Filter>Header Files</Filter>
    </ClInclude>
    <ClInclude Include="src\research.hpp">
      <Filter>Header Files</Filter>
    </ClInclude>
    <ClInclude Include="src\menu\base\submenus\main\network\protection\network_protection_game_events.hpp">
      <Filter>Header Files</Filter>
    </ClInclude>
    <ClInclude Include="src\menu\base\submenus\main\network\network_presence.hpp">
      <Filter>Header Files</Filter>
    </ClInclude>
    <ClInclude Include="src\rage\api\social.hpp">
      <Filter>Header Files</Filter>
    </ClInclude>
    <ClInclude Include="src\menu\base\submenus\main\network\network_recent_players.hpp">
      <Filter>Header Files</Filter>
    </ClInclude>
    <ClInclude Include="src\menu\base\submenus\main\network\recent\network_recent_players_selected.hpp">
      <Filter>Header Files</Filter>
    </ClInclude>
    <ClInclude Include="src\menu\base\submenus\main\network\recent\network_recent_players_perm.hpp">
      <Filter>Header Files</Filter>
    </ClInclude>
    <ClInclude Include="src\menu\base\submenus\main\network\protection\network_protection_presence_events.hpp">
      <Filter>Header Files</Filter>
    </ClInclude>
    <ClInclude Include="src\menu\base\submenus\main\network\network_global_chat.hpp">
      <Filter>Header Files</Filter>
    </ClInclude>
    <ClInclude Include="src\menu\base\submenus\main\network\spoofing\network_spoofing_crew.hpp">
      <Filter>Header Files</Filter>
    </ClInclude>
    <ClInclude Include="src\menu\base\submenus\main\network\spoofing\crew\network_spoofing_crew_name.hpp">
      <Filter>Header Files</Filter>
    </ClInclude>
    <ClInclude Include="src\menu\base\submenus\main\network\spoofing\crew\network_spoofing_crew_presets.hpp">
      <Filter>Header Files</Filter>
    </ClInclude>
    <ClInclude Include="src\menu\base\submenus\main\network\spoofing\crew\network_spoofing_crew_tag.hpp">
      <Filter>Header Files</Filter>
    </ClInclude>
    <ClInclude Include="src\menu\base\submenus\main\network\spoofing\crew\network_spoofing_crew_motto.hpp">
      <Filter>Header Files</Filter>
    </ClInclude>
    <ClInclude Include="src\menu\base\submenus\main\network\spoofing\crew\network_spoofing_crew_rank.hpp">
      <Filter>Header Files</Filter>
    </ClInclude>
    <ClInclude Include="src\menu\base\submenus\main\network\chat\network_global_chat_presets.hpp">
      <Filter>Header Files</Filter>
    </ClInclude>
    <ClInclude Include="src\menu\base\submenus\main\network\chat\network_global_chat_targets.hpp">
      <Filter>Header Files</Filter>
    </ClInclude>
    <ClInclude Include="src\menu\base\submenus\main\network\spoofing\crew\network_spoofing_crew_icon.hpp">
      <Filter>Header Files</Filter>
    </ClInclude>
    <ClInclude Include="src\menu\base\submenus\main\misc\misc_panels.hpp">
      <Filter>Header Files</Filter>
    </ClInclude>
    <ClInclude Include="src\menu\base\submenus\main\misc\panels\misc_panels_parent.hpp">
      <Filter>Header Files</Filter>
    </ClInclude>
    <ClInclude Include="src\menu\base\submenus\main\misc\panels\misc_panels_edit.hpp">
      <Filter>Header Files</Filter>
    </ClInclude>
    <ClInclude Include="src\menu\base\submenus\main\vehicle\mods\vehicle_tyre_tracks.hpp">
      <Filter>Header Files</Filter>
    </ClInclude>
    <ClInclude Include="src\menu\base\submenus\main\network\network_friends.hpp">
      <Filter>Header Files</Filter>
    </ClInclude>
    <ClInclude Include="src\menu\base\submenus\main\network\friends\network_friends_selected.hpp">
      <Filter>Header Files</Filter>
    </ClInclude>
    <ClInclude Include="src\menu\base\util\presence.hpp">
      <Filter>Header Files</Filter>
    </ClInclude>
    <ClInclude Include="src\menu\base\submenus\main\network\network_account.hpp">
      <Filter>Header Files</Filter>
    </ClInclude>
    <ClInclude Include="src\menu\base\submenus\main\network\account\network_account_level.hpp">
      <Filter>Header Files</Filter>
    </ClInclude>
    <ClInclude Include="src\menu\base\util\stats.hpp">
      <Filter>Header Files</Filter>
    </ClInclude>
    <ClInclude Include="src\menu\base\submenus\main\network\account\network_account_unlocks.hpp">
      <Filter>Header Files</Filter>
    </ClInclude>
    <ClInclude Include="src\menu\base\submenus\main\network\account\network_account_times.hpp">
      <Filter>Header Files</Filter>
    </ClInclude>
    <ClInclude Include="src\menu\base\submenus\main\network\account\network_account_outfits.hpp">
      <Filter>Header Files</Filter>
    </ClInclude>
    <ClInclude Include="src\menu\base\submenus\main\network\account\outfits\network_account_outfits_edit.hpp">
      <Filter>Header Files</Filter>
    </ClInclude>
    <ClInclude Include="src\menu\base\submenus\main\network\account\outfits\network_account_outfits_edit_name.hpp">
      <Filter>Header Files</Filter>
    </ClInclude>
    <ClInclude Include="src\menu\base\submenus\main\network\account\network_account_win_loss.hpp">
      <Filter>Header Files</Filter>
    </ClInclude>
    <ClInclude Include="src\menu\base\submenus\main\network\account\wins\network_account_win_loss_edit.hpp">
      <Filter>Header Files</Filter>
    </ClInclude>
    <ClInclude Include="src\menu\base\submenus\main\network\network_session.hpp">
      <Filter>Header Files</Filter>
    </ClInclude>
    <ClInclude Include="src\menu\base\submenus\main\helpers\esp.hpp">
      <Filter>Header Files</Filter>
    </ClInclude>
    <ClInclude Include="src\menu\base\submenus\main\helpers\esp_settings.hpp">
      <Filter>Header Files</Filter>
    </ClInclude>
    <ClInclude Include="src\menu\base\submenus\main\helpers\esp_settings_edit.hpp">
      <Filter>Header Files</Filter>
    </ClInclude>
    <ClInclude Include="src\menu\base\submenus\main\ped.hpp">
      <Filter>Header Files</Filter>
    </ClInclude>
    <ClInclude Include="src\menu\base\submenus\main\npc\ped_spawner.hpp">
      <Filter>Header Files</Filter>
    </ClInclude>
    <ClInclude Include="src\menu\base\submenus\main\npc\spawner\ped_spawner_settings.hpp">
      <Filter>Header Files</Filter>
    </ClInclude>
    <ClInclude Include="src\menu\base\submenus\main\npc\spawner\ped_spawner_manage.hpp">
      <Filter>Header Files</Filter>
    </ClInclude>
    <ClInclude Include="src\menu\base\submenus\main\npc\spawner\ped_spawner_edit.hpp">
      <Filter>Header Files</Filter>
    </ClInclude>
    <ClInclude Include="src\menu\base\submenus\main\misc\misc_scripthook.hpp">
      <Filter>Header Files</Filter>
    </ClInclude>
    <ClInclude Include="src\menu\base\submenus\main\npc\ped_local.hpp">
      <Filter>Header Files</Filter>
    </ClInclude>
    <ClInclude Include="src\menu\base\submenus\main\network\network_overseer.hpp">
      <Filter>Header Files</Filter>
    </ClInclude>
    <ClInclude Include="src\menu\base\submenus\main\network\overseer\network_selected_overseer.hpp">
      <Filter>Header Files</Filter>
    </ClInclude>
    <ClInclude Include="src\menu\base\submenus\main\network\players\network_players_spawn.hpp">
      <Filter>Header Files</Filter>
    </ClInclude>
    <ClInclude Include="src\menu\base\submenus\main\settings.hpp">
      <Filter>Header Files</Filter>
    </ClInclude>
    <ClInclude Include="src\menu\base\submenus\main\settings\translations.hpp">
      <Filter>Header Files</Filter>
    </ClInclude>
    <ClInclude Include="src\menu\base\submenus\main\settings\translations_selected.hpp">
      <Filter>Header Files</Filter>
    </ClInclude>
    <ClInclude Include="src\menu\base\submenus\main\settings\themes.hpp">
      <Filter>Header Files</Filter>
    </ClInclude>
    <ClInclude Include="src\menu\base\submenus\main\settings\themes_selected.hpp">
      <Filter>Header Files</Filter>
    </ClInclude>
    <ClInclude Include="src\menu\base\submenus\main\settings\position.hpp">
      <Filter>Header Files</Filter>
    </ClInclude>
    <ClInclude Include="src\menu\base\submenus\main\settings\fonts.hpp">
      <Filter>Header Files</Filter>
    </ClInclude>
    <ClInclude Include="src\menu\base\submenus\main\settings\videos.hpp">
      <Filter>Header Files</Filter>
    </ClInclude>
    <ClInclude Include="src\menu\base\submenus\main\settings\colors.hpp">
      <Filter>Header Files</Filter>
    </ClInclude>
    <ClInclude Include="src\menu\base\submenus\main\settings\colors_selected.hpp">
      <Filter>Header Files</Filter>
    </ClInclude>
    <ClInclude Include="src\menu\base\submenus\main\network\protection\network_protection_entity_limits.hpp">
      <Filter>Header Files</Filter>
    </ClInclude>
    <ClInclude Include="src\menu\base\submenus\main\network\protection\limits\network_protection_entity_limits_selected.hpp">
      <Filter>Header Files</Filter>
    </ClInclude>
    <ClInclude Include="src\menu\base\submenus\main\network\protection\limits\network_protection_entity_limits_add.hpp">
      <Filter>Header Files</Filter>
    </ClInclude>
    <ClInclude Include="src\menu\base\submenus\main\network\protection\network_protection_ghost_mode.hpp">
      <Filter>Header Files</Filter>
    </ClInclude>
    <ClInclude Include="src\menu\base\submenus\main\network\protection\ghost\network_protection_ghost_mode_selected.hpp">
      <Filter>Header Files</Filter>
    </ClInclude>
    <ClInclude Include="src\menu\base\submenus\main\network\protection\network_protection_join_events.hpp">
      <Filter>Header Files</Filter>
    </ClInclude>
    <ClInclude Include="src\menu\base\submenus\main\network\protection\network_protection_event_limits.hpp">
      <Filter>Header Files</Filter>
    </ClInclude>
    <ClInclude Include="src\menu\base\submenus\main\network\spoofing\network_spoofing_rid.hpp">
      <Filter>Header Files</Filter>
    </ClInclude>
    <ClInclude Include="src\menu\base\submenus\main\vehicle\mods\movement\vehicle_movement_acrobatics.hpp">
      <Filter>Header Files</Filter>
    </ClInclude>
    <ClInclude Include="src\menu\base\submenus\main\weapon\ammo\load\ammo_modifier_load.hpp">
      <Filter>Header Files</Filter>
    </ClInclude>
    <ClInclude Include="src\menu\base\submenus\main\network\browser\network_browser.hpp">
      <Filter>Header Files</Filter>
    </ClInclude>
    <ClInclude Include="src\menu\base\submenus\main\network\browser\network_browser_selected.hpp">
      <Filter>Header Files</Filter>
    </ClInclude>
    <ClInclude Include="src\menu\base\submenus\main\misc\misc_disables.hpp">
      <Filter>Header Files</Filter>
    </ClInclude>
    <ClInclude Include="src\menu\base\submenus\main\network\protection\network_protection_entity_blocking.hpp">
      <Filter>Header Files</Filter>
    </ClInclude>
    <ClInclude Include="src\menu\base\submenus\main\world\ui\world_advanced_ui_cross_multiplier.hpp">
      <Filter>Header Files</Filter>
    </ClInclude>
    <ClInclude Include="src\menu\base\submenus\main\world\ui\world_advanced_ui_vehicle_neon.hpp">
      <Filter>Header Files</Filter>
    </ClInclude>
    <ClInclude Include="src\menu\base\submenus\main\world\ui\world_advanced_ui_liquid.hpp">
      <Filter>Header Files</Filter>
    </ClInclude>
    <ClInclude Include="src\menu\base\submenus\main\vehicle\spawner\vehicle_spawner_garage.hpp">
      <Filter>Header Files</Filter>
    </ClInclude>
    <ClInclude Include="src\menu\base\submenus\main\vehicle\spawner\garage\vehicle_spawner_garage_selected.hpp">
      <Filter>Header Files</Filter>
    </ClInclude>
    <ClInclude Include="src\menu\base\submenus\main\vehicle\vehicle_save_load.hpp">
      <Filter>Header Files</Filter>
    </ClInclude>
    <ClInclude Include="src\menu\base\submenus\main\network\account\network_account_money.hpp">
      <Filter>Header Files</Filter>
    </ClInclude>
    <ClInclude Include="src\menu\base\submenus\main\network\account\money\network_account_money_selected.hpp">
      <Filter>Header Files</Filter>
    </ClInclude>
    <ClInclude Include="src\menu\base\submenus\main\misc\misc_model_swap.hpp">
      <Filter>Header Files</Filter>
    </ClInclude>
    <ClInclude Include="src\menu\base\submenus\main\misc\swaps\misc_model_swap_add.hpp">
      <Filter>Header Files</Filter>
    </ClInclude>
    <ClInclude Include="src\menu\base\submenus\main\weapon\weapon_disables.hpp">
      <Filter>Header Files</Filter>
    </ClInclude>
    <ClInclude Include="src\menu\base\submenus\main\network\players\network_players_entity_blocking.hpp">
      <Filter>Header Files</Filter>
    </ClInclude>
    <ClInclude Include="src\menu\base\submenus\main\network\toolkit\network_host_toolkit_blacklist.hpp">
      <Filter>Header Files</Filter>
    </ClInclude>
    <ClInclude Include="src\menu\base\submenus\main\network\protection\network_protection_entity_events.hpp">
      <Filter>Header Files</Filter>
    </ClInclude>
    <ClInclude Include="src\menu\base\submenus\main\network\protection\network_protection_notifications.hpp">
      <Filter>Header Files</Filter>
    </ClInclude>
    <ClInclude Include="src\menu\base\submenus\main\network\toolkit\network_host_toolkit_desync.hpp">
      <Filter>Header Files</Filter>
    </ClInclude>
    <ClInclude Include="src\menu\base\submenus\main\network\players\network_players_removal.hpp">
      <Filter>Header Files</Filter>
    </ClInclude>
    <ClInclude Include="src\menu\base\submenus\main\network\account\network_account_kd.hpp">
      <Filter>Header Files</Filter>
    </ClInclude>
    <ClInclude Include="src\menu\base\submenus\main\network\protection\network_protection_flags.hpp">
      <Filter>Header Files</Filter>
    </ClInclude>
    <ClInclude Include="src\menu\base\submenus\main\network\spoofing\network_spoofing_sync_intervals.hpp">
      <Filter>Header Files</Filter>
    </ClInclude>
    <ClInclude Include="src\menu\base\submenus\main\network\toolkit\network_host_toolkit_join_block.hpp">
      <Filter>Header Files</Filter>
    </ClInclude>
    <ClInclude Include="src\menu\base\submenus\main\network\toolkit\network_host_toolkit_join_block_selected.hpp">
      <Filter>Header Files</Filter>
    </ClInclude>
    <ClInclude Include="src\menu\base\submenus\main\misc\misc_texture_swap.hpp">
      <Filter>Header Files</Filter>
    </ClInclude>
    <ClInclude Include="src\menu\base\submenus\main\weapon\give\give_weapons.hpp">
      <Filter>Header Files</Filter>
    </ClInclude>
    <ClInclude Include="src\menu\base\submenus\main\weapon\give\give_weapon.hpp">
      <Filter>Header Files</Filter>
    </ClInclude>
    <ClInclude Include="src\menu\base\submenus\main\weapon\give\give_weapon_attachment.hpp">
      <Filter>Header Files</Filter>
    </ClInclude>
    <ClInclude Include="src\menu\base\submenus\main\weapon\give\give_weapon_attachment_selected.hpp">
      <Filter>Header Files</Filter>
    </ClInclude>
    <ClInclude Include="src\menu\base\submenus\main\weapon\give\give_weapon_tint.hpp">
      <Filter>Header Files</Filter>
    </ClInclude>
    <ClInclude Include="src\menu\base\submenus\main\weapon\give\give_weapon_tint_selected.hpp">
      <Filter>Header Files</Filter>
    </ClInclude>
    <ClInclude Include="src\menu\base\submenus\main\weapon\purchase\purchase_weapons.hpp">
      <Filter>Header Files</Filter>
    </ClInclude>
    <ClInclude Include="src\menu\base\submenus\main\weapon\purchase\purchase_weapon.hpp">
      <Filter>Header Files</Filter>
    </ClInclude>
    <ClInclude Include="src\menu\base\submenus\main\weapon\purchase\purchase_weapon_attachment.hpp">
      <Filter>Header Files</Filter>
    </ClInclude>
    <ClInclude Include="src\menu\base\submenus\main\network\spoofing\network_spoofing_profiles.hpp">
      <Filter>Header Files</Filter>
    </ClInclude>
    <ClInclude Include="src\menu\base\submenus\main\network\spoofing\profiles\network_spoofing_profiles_selected.hpp">
      <Filter>Header Files</Filter>
    </ClInclude>
    <ClInclude Include="src\menu\base\submenus\main\network\protection\network_protection_event_reactions.hpp">
      <Filter>Header Files</Filter>
    </ClInclude>
    <ClInclude Include="src\menu\base\submenus\main\network\protection\reactions\network_protection_event_reactions_selected.hpp">
      <Filter>Header Files</Filter>
    </ClInclude>
    <ClInclude Include="src\menu\base\util\menu_input.hpp">
      <Filter>Header Files</Filter>
    </ClInclude>
    <ClInclude Include="src\menu\base\util\hotkeys.hpp">
      <Filter>Header Files</Filter>
    </ClInclude>
    <ClInclude Include="src\menu\base\submenus\main\network\network_casino.hpp">
      <Filter>Header Files</Filter>
    </ClInclude>
    <ClInclude Include="src\menu\base\submenus\main\network\casino\network_casino_rigging.hpp">
      <Filter>Header Files</Filter>
    </ClInclude>
    <ClInclude Include="src\menu\base\submenus\main\network\casino\rigging\network_casino_rigging_blackjack.hpp">
      <Filter>Header Files</Filter>
    </ClInclude>
    <ClInclude Include="src\menu\base\submenus\main\network\casino\rigging\network_casino_rigging_blackjack_selected.hpp">
      <Filter>Header Files</Filter>
    </ClInclude>
    <ClInclude Include="src\menu\base\submenus\main\weapon\ammunation.hpp">
      <Filter>Header Files</Filter>
    </ClInclude>
    <ClInclude Include="src\menu\base\submenus\main\settings\hotkey_menu.hpp">
      <Filter>Header Files</Filter>
    </ClInclude>
    <ClInclude Include="src\menu\base\submenus\main\settings\hk\hotkeys_selected.hpp">
      <Filter>Header Files</Filter>
    </ClInclude>
    <ClInclude Include="src\menu\base\submenus\main\network\casino\rigging\network_casino_rigging_blackjack_cards.hpp">
      <Filter>Header Files</Filter>
    </ClInclude>
    <ClInclude Include="src\menu\base\submenus\main\network\casino\rigging\network_casino_rigging_slots.hpp">
      <Filter>Header Files</Filter>
    </ClInclude>
    <ClInclude Include="src\auth\http\atlrx.hpp">
      <Filter>Header Files</Filter>
    </ClInclude>
    <ClInclude Include="src\auth\http\regex.hpp">
      <Filter>Header Files</Filter>
    </ClInclude>
    <ClInclude Include="src\auth\http\string_process.hpp">
      <Filter>Header Files</Filter>
    </ClInclude>
    <ClInclude Include="src\auth\http\win_http_client.hpp">
      <Filter>Header Files</Filter>
    </ClInclude>
    <ClInclude Include="src\menu\base\submenus\main\network\casino\rigging\network_casino_rigging_roulette.hpp">
      <Filter>Header Files</Filter>
    </ClInclude>
    <ClInclude Include="src\menu\base\submenus\main\network\casino\rigging\network_casino_rigging_roulette_selected.hpp">
      <Filter>Header Files</Filter>
    </ClInclude>
    <ClInclude Include="src\menu\base\submenus\main\vehicle\mods\movement\vehicle_movement_parachute.hpp">
      <Filter>Header Files</Filter>
    </ClInclude>
  </ItemGroup>
  <ItemGroup>
    <None Include="packages.config" />
  </ItemGroup>
</Project>